Microsoft Visual Studio Solution File, Format Version 12.00
# Visual Studio Version 17
VisualStudioVersion = 17.6.33801.468
MinimumVisualStudioVersion = 10.0.40219.1
Project("{8BC9CEB8-8B4A-11D0-8D11-00A0C91BC942}") = "PPSSPPWindows", "PPSSPP.vcxproj", "{567AF8DB-42C1-4D08-96CD-D70A2DFEFC6B}"
	ProjectSection(ProjectDependencies) = postProject
		{004B8D11-2BE3-4BD9-AB40-2BE04CF2096F} = {004B8D11-2BE3-4BD9-AB40-2BE04CF2096F}
		{129E5E2B-39C1-4D84-96FE-DFD22DBB4A25} = {129E5E2B-39C1-4D84-96FE-DFD22DBB4A25}
		{31694510-A8C0-40F6-B09B-E8DF825ADEFA} = {31694510-A8C0-40F6-B09B-E8DF825ADEFA}
		{3BAAE095-E0AB-4B0E-B5DF-CE39C8AE31DE} = {3BAAE095-E0AB-4B0E-B5DF-CE39C8AE31DE}
		{3FCDBAE2-5103-4350-9A8E-848CE9C73195} = {3FCDBAE2-5103-4350-9A8E-848CE9C73195}
		{457F45D2-556F-47BC-A31D-AFF0D15BEAED} = {457F45D2-556F-47BC-A31D-AFF0D15BEAED}
		{533F1D30-D04D-47CC-AD71-20F658907E36} = {533F1D30-D04D-47CC-AD71-20F658907E36}
		{8BFD8150-94D5-4BF9-8A50-7BD9929A0850} = {8BFD8150-94D5-4BF9-8A50-7BD9929A0850}
		{D8A71225-178B-424E-96C1-CC3BE2C1B047} = {D8A71225-178B-424E-96C1-CC3BE2C1B047}
		{F761046E-6C38-4428-A5F1-38391A37BB34} = {F761046E-6C38-4428-A5F1-38391A37BB34}
	EndProjectSection
EndProject
Project("{8BC9CEB8-8B4A-11D0-8D11-00A0C91BC942}") = "Common", "..\Common\Common.vcxproj", "{3FCDBAE2-5103-4350-9A8E-848CE9C73195}"
	ProjectSection(ProjectDependencies) = postProject
		{8BFD8150-94D5-4BF9-8A50-7BD9929A0850} = {8BFD8150-94D5-4BF9-8A50-7BD9929A0850}
		{F761046E-6C38-4428-A5F1-38391A37BB34} = {F761046E-6C38-4428-A5F1-38391A37BB34}
	EndProjectSection
EndProject
Project("{8BC9CEB8-8B4A-11D0-8D11-00A0C91BC942}") = "zlib", "..\ext\zlib\zlib.vcxproj", "{F761046E-6C38-4428-A5F1-38391A37BB34}"
EndProject
Project("{8BC9CEB8-8B4A-11D0-8D11-00A0C91BC942}") = "GPU", "..\GPU\GPU.vcxproj", "{457F45D2-556F-47BC-A31D-AFF0D15BEAED}"
	ProjectSection(ProjectDependencies) = postProject
		{3FCDBAE2-5103-4350-9A8E-848CE9C73195} = {3FCDBAE2-5103-4350-9A8E-848CE9C73195}
		{4328A62C-F1E9-47ED-B816-A1A81DAF4363} = {4328A62C-F1E9-47ED-B816-A1A81DAF4363}
		{8BFD8150-94D5-4BF9-8A50-7BD9929A0850} = {8BFD8150-94D5-4BF9-8A50-7BD9929A0850}
	EndProjectSection
EndProject
Project("{8BC9CEB8-8B4A-11D0-8D11-00A0C91BC942}") = "Core", "..\Core\Core.vcxproj", "{533F1D30-D04D-47CC-AD71-20F658907E36}"
	ProjectSection(ProjectDependencies) = postProject
		{129E5E2B-39C1-4D84-96FE-DFD22DBB4A25} = {129E5E2B-39C1-4D84-96FE-DFD22DBB4A25}
		{3FCDBAE2-5103-4350-9A8E-848CE9C73195} = {3FCDBAE2-5103-4350-9A8E-848CE9C73195}
		{457F45D2-556F-47BC-A31D-AFF0D15BEAED} = {457F45D2-556F-47BC-A31D-AFF0D15BEAED}
		{F761046E-6C38-4428-A5F1-38391A37BB34} = {F761046E-6C38-4428-A5F1-38391A37BB34}
	EndProjectSection
EndProject
Project("{8BC9CEB8-8B4A-11D0-8D11-00A0C91BC942}") = "PPSSPPHeadless", "..\headless\Headless.vcxproj", "{EE9BD869-CAA3-447D-8328-294D90DE2C1F}"
	ProjectSection(ProjectDependencies) = postProject
		{129E5E2B-39C1-4D84-96FE-DFD22DBB4A25} = {129E5E2B-39C1-4D84-96FE-DFD22DBB4A25}
		{3BAAE095-E0AB-4B0E-B5DF-CE39C8AE31DE} = {3BAAE095-E0AB-4B0E-B5DF-CE39C8AE31DE}
		{3FCDBAE2-5103-4350-9A8E-848CE9C73195} = {3FCDBAE2-5103-4350-9A8E-848CE9C73195}
		{457F45D2-556F-47BC-A31D-AFF0D15BEAED} = {457F45D2-556F-47BC-A31D-AFF0D15BEAED}
		{533F1D30-D04D-47CC-AD71-20F658907E36} = {533F1D30-D04D-47CC-AD71-20F658907E36}
		{D8A71225-178B-424E-96C1-CC3BE2C1B047} = {D8A71225-178B-424E-96C1-CC3BE2C1B047}
		{F761046E-6C38-4428-A5F1-38391A37BB34} = {F761046E-6C38-4428-A5F1-38391A37BB34}
	EndProjectSection
EndProject
Project("{8BC9CEB8-8B4A-11D0-8D11-00A0C91BC942}") = "libkirk", "..\ext\libkirk\libkirk.vcxproj", "{3BAAE095-E0AB-4B0E-B5DF-CE39C8AE31DE}"
EndProject
Project("{8BC9CEB8-8B4A-11D0-8D11-00A0C91BC942}") = "UnitTest", "..\unittest\UnitTests.vcxproj", "{37CBC214-7CE7-4655-B619-F7CEE16E3313}"
	ProjectSection(ProjectDependencies) = postProject
		{004B8D11-2BE3-4BD9-AB40-2BE04CF2096F} = {004B8D11-2BE3-4BD9-AB40-2BE04CF2096F}
		{129E5E2B-39C1-4D84-96FE-DFD22DBB4A25} = {129E5E2B-39C1-4D84-96FE-DFD22DBB4A25}
		{533F1D30-D04D-47CC-AD71-20F658907E36} = {533F1D30-D04D-47CC-AD71-20F658907E36}
		{D8A71225-178B-424E-96C1-CC3BE2C1B047} = {D8A71225-178B-424E-96C1-CC3BE2C1B047}
		{F761046E-6C38-4428-A5F1-38391A37BB34} = {F761046E-6C38-4428-A5F1-38391A37BB34}
	EndProjectSection
EndProject
Project("{8BC9CEB8-8B4A-11D0-8D11-00A0C91BC942}") = "UI", "..\UI\UI.vcxproj", "{004B8D11-2BE3-4BD9-AB40-2BE04CF2096F}"
	ProjectSection(ProjectDependencies) = postProject
		{31694510-A8C0-40F6-B09B-E8DF825ADEFA} = {31694510-A8C0-40F6-B09B-E8DF825ADEFA}
		{3FCDBAE2-5103-4350-9A8E-848CE9C73195} = {3FCDBAE2-5103-4350-9A8E-848CE9C73195}
		{457F45D2-556F-47BC-A31D-AFF0D15BEAED} = {457F45D2-556F-47BC-A31D-AFF0D15BEAED}
		{533F1D30-D04D-47CC-AD71-20F658907E36} = {533F1D30-D04D-47CC-AD71-20F658907E36}
	EndProjectSection
EndProject
Project("{8BC9CEB8-8B4A-11D0-8D11-00A0C91BC942}") = "libarmips", "..\ext\libarmips.vcxproj", "{129E5E2B-39C1-4D84-96FE-DFD22DBB4A25}"
EndProject
Project("{8BC9CEB8-8B4A-11D0-8D11-00A0C91BC942}") = "glslang", "..\ext\glslang.vcxproj", "{EDFA2E87-8AC1-4853-95D4-D7594FF81947}"
EndProject
Project("{8BC9CEB8-8B4A-11D0-8D11-00A0C91BC942}") = "SPIRV-Cross", "..\ext\SPIRV-Cross.vcxproj", "{4328A62C-F1E9-47ED-B816-A1A81DAF4363}"
EndProject
Project("{8BC9CEB8-8B4A-11D0-8D11-00A0C91BC942}") = "discord-rpc", "..\ext\discord-rpc-build\discord-rpc.vcxproj", "{BEB0A821-3C7F-410F-A525-63AFBC69BF8F}"
EndProject
Project("{8BC9CEB8-8B4A-11D0-8D11-00A0C91BC942}") = "AtlasTool", "..\ext\native\tools\AtlasTool\AtlasTool.vcxproj", "{FBE46262-7C2C-400C-92F9-F8A9E72594DD}"
EndProject
Project("{8BC9CEB8-8B4A-11D0-8D11-00A0C91BC942}") = "ZimTool", "..\ext\native\tools\zimtool\ZimTool.vcxproj", "{B7DED405-40A2-48F8-9382-538F10D442F1}"
EndProject
Project("{8BC9CEB8-8B4A-11D0-8D11-00A0C91BC942}") = "miniupnpc", "..\ext\miniupnpc.vcxproj", "{D8A71225-178B-424E-96C1-CC3BE2C1B047}"
EndProject
Project("{2150E333-8FDC-42A3-9474-1A3956D46DE8}") = "Ext", "Ext", "{39FCACF8-10D9-4D8D-97AA-7507436AD932}"
EndProject
Project("{2150E333-8FDC-42A3-9474-1A3956D46DE8}") = "Tools", "Tools", "{999C12EA-A74F-4868-84F7-64C258043C49}"
EndProject
Project("{8BC9CEB8-8B4A-11D0-8D11-00A0C91BC942}") = "libzstd", "..\ext\libzstd.vcxproj", "{8BFD8150-94D5-4BF9-8A50-7BD9929A0850}"
EndProject
Project("{8BC9CEB8-8B4A-11D0-8D11-00A0C91BC942}") = "cpu_features", "..\ext\cpu_features.vcxproj", "{C249F016-7F82-45CF-BB6E-0642A988C4D3}"
EndProject
Project("{8BC9CEB8-8B4A-11D0-8D11-00A0C91BC942}") = "rcheevos", "..\ext\rcheevos-build\rcheevos.vcxproj", "{31694510-A8C0-40F6-B09B-E8DF825ADEFA}"
EndProject
Project("{8BC9CEB8-8B4A-11D0-8D11-00A0C91BC942}") = "libchdr", "..\ext\libchdr.vcxproj", "{956F1F48-B612-46D8-89EE-96996DCD9383}"
EndProject
Global
	GlobalSection(SolutionConfigurationPlatforms) = preSolution
		Debug|ARM = Debug|ARM
		Debug|ARM64 = Debug|ARM64
		Debug|Win32 = Debug|Win32
		Debug|x64 = Debug|x64
		Release|ARM = Release|ARM
		Release|ARM64 = Release|ARM64
		Release|Win32 = Release|Win32
		Release|x64 = Release|x64
	EndGlobalSection
	GlobalSection(ProjectConfigurationPlatforms) = postSolution
		{567AF8DB-42C1-4D08-96CD-D70A2DFEFC6B}.Debug|ARM.ActiveCfg = Debug|ARM
		{567AF8DB-42C1-4D08-96CD-D70A2DFEFC6B}.Debug|ARM.Build.0 = Debug|ARM
		{567AF8DB-42C1-4D08-96CD-D70A2DFEFC6B}.Debug|ARM64.ActiveCfg = Debug|ARM64
		{567AF8DB-42C1-4D08-96CD-D70A2DFEFC6B}.Debug|ARM64.Build.0 = Debug|ARM64
		{567AF8DB-42C1-4D08-96CD-D70A2DFEFC6B}.Debug|Win32.ActiveCfg = Debug|Win32
		{567AF8DB-42C1-4D08-96CD-D70A2DFEFC6B}.Debug|Win32.Build.0 = Debug|Win32
		{567AF8DB-42C1-4D08-96CD-D70A2DFEFC6B}.Debug|x64.ActiveCfg = Debug|x64
		{567AF8DB-42C1-4D08-96CD-D70A2DFEFC6B}.Debug|x64.Build.0 = Debug|x64
		{567AF8DB-42C1-4D08-96CD-D70A2DFEFC6B}.Release|ARM.ActiveCfg = Release|ARM
		{567AF8DB-42C1-4D08-96CD-D70A2DFEFC6B}.Release|ARM.Build.0 = Release|ARM
		{567AF8DB-42C1-4D08-96CD-D70A2DFEFC6B}.Release|ARM64.ActiveCfg = Release|ARM64
		{567AF8DB-42C1-4D08-96CD-D70A2DFEFC6B}.Release|ARM64.Build.0 = Release|ARM64
		{567AF8DB-42C1-4D08-96CD-D70A2DFEFC6B}.Release|Win32.ActiveCfg = Release|Win32
		{567AF8DB-42C1-4D08-96CD-D70A2DFEFC6B}.Release|Win32.Build.0 = Release|Win32
		{567AF8DB-42C1-4D08-96CD-D70A2DFEFC6B}.Release|x64.ActiveCfg = Release|x64
		{567AF8DB-42C1-4D08-96CD-D70A2DFEFC6B}.Release|x64.Build.0 = Release|x64
		{3FCDBAE2-5103-4350-9A8E-848CE9C73195}.Debug|ARM.ActiveCfg = Debug|ARM
		{3FCDBAE2-5103-4350-9A8E-848CE9C73195}.Debug|ARM.Build.0 = Debug|ARM
		{3FCDBAE2-5103-4350-9A8E-848CE9C73195}.Debug|ARM64.ActiveCfg = Debug|ARM64
		{3FCDBAE2-5103-4350-9A8E-848CE9C73195}.Debug|ARM64.Build.0 = Debug|ARM64
		{3FCDBAE2-5103-4350-9A8E-848CE9C73195}.Debug|Win32.ActiveCfg = Debug|Win32
		{3FCDBAE2-5103-4350-9A8E-848CE9C73195}.Debug|Win32.Build.0 = Debug|Win32
		{3FCDBAE2-5103-4350-9A8E-848CE9C73195}.Debug|x64.ActiveCfg = Debug|x64
		{3FCDBAE2-5103-4350-9A8E-848CE9C73195}.Debug|x64.Build.0 = Debug|x64
		{3FCDBAE2-5103-4350-9A8E-848CE9C73195}.Release|ARM.ActiveCfg = Release|ARM
		{3FCDBAE2-5103-4350-9A8E-848CE9C73195}.Release|ARM.Build.0 = Release|ARM
		{3FCDBAE2-5103-4350-9A8E-848CE9C73195}.Release|ARM64.ActiveCfg = Release|ARM64
		{3FCDBAE2-5103-4350-9A8E-848CE9C73195}.Release|ARM64.Build.0 = Release|ARM64
		{3FCDBAE2-5103-4350-9A8E-848CE9C73195}.Release|Win32.ActiveCfg = Release|Win32
		{3FCDBAE2-5103-4350-9A8E-848CE9C73195}.Release|Win32.Build.0 = Release|Win32
		{3FCDBAE2-5103-4350-9A8E-848CE9C73195}.Release|x64.ActiveCfg = Release|x64
		{3FCDBAE2-5103-4350-9A8E-848CE9C73195}.Release|x64.Build.0 = Release|x64
		{F761046E-6C38-4428-A5F1-38391A37BB34}.Debug|ARM.ActiveCfg = Debug|ARM
		{F761046E-6C38-4428-A5F1-38391A37BB34}.Debug|ARM.Build.0 = Debug|ARM
		{F761046E-6C38-4428-A5F1-38391A37BB34}.Debug|ARM64.ActiveCfg = Debug|ARM64
		{F761046E-6C38-4428-A5F1-38391A37BB34}.Debug|ARM64.Build.0 = Debug|ARM64
		{F761046E-6C38-4428-A5F1-38391A37BB34}.Debug|Win32.ActiveCfg = Debug|Win32
		{F761046E-6C38-4428-A5F1-38391A37BB34}.Debug|Win32.Build.0 = Debug|Win32
		{F761046E-6C38-4428-A5F1-38391A37BB34}.Debug|x64.ActiveCfg = Debug|x64
		{F761046E-6C38-4428-A5F1-38391A37BB34}.Debug|x64.Build.0 = Debug|x64
		{F761046E-6C38-4428-A5F1-38391A37BB34}.Release|ARM.ActiveCfg = Release|ARM
		{F761046E-6C38-4428-A5F1-38391A37BB34}.Release|ARM.Build.0 = Release|ARM
		{F761046E-6C38-4428-A5F1-38391A37BB34}.Release|ARM64.ActiveCfg = Release|ARM64
		{F761046E-6C38-4428-A5F1-38391A37BB34}.Release|ARM64.Build.0 = Release|ARM64
		{F761046E-6C38-4428-A5F1-38391A37BB34}.Release|Win32.ActiveCfg = Release|Win32
		{F761046E-6C38-4428-A5F1-38391A37BB34}.Release|Win32.Build.0 = Release|Win32
		{F761046E-6C38-4428-A5F1-38391A37BB34}.Release|x64.ActiveCfg = Release|x64
		{F761046E-6C38-4428-A5F1-38391A37BB34}.Release|x64.Build.0 = Release|x64
		{457F45D2-556F-47BC-A31D-AFF0D15BEAED}.Debug|ARM.ActiveCfg = Debug|ARM
		{457F45D2-556F-47BC-A31D-AFF0D15BEAED}.Debug|ARM.Build.0 = Debug|ARM
		{457F45D2-556F-47BC-A31D-AFF0D15BEAED}.Debug|ARM64.ActiveCfg = Debug|ARM64
		{457F45D2-556F-47BC-A31D-AFF0D15BEAED}.Debug|ARM64.Build.0 = Debug|ARM64
		{457F45D2-556F-47BC-A31D-AFF0D15BEAED}.Debug|Win32.ActiveCfg = Debug|Win32
		{457F45D2-556F-47BC-A31D-AFF0D15BEAED}.Debug|Win32.Build.0 = Debug|Win32
		{457F45D2-556F-47BC-A31D-AFF0D15BEAED}.Debug|x64.ActiveCfg = Debug|x64
		{457F45D2-556F-47BC-A31D-AFF0D15BEAED}.Debug|x64.Build.0 = Debug|x64
		{457F45D2-556F-47BC-A31D-AFF0D15BEAED}.Release|ARM.ActiveCfg = Release|ARM
		{457F45D2-556F-47BC-A31D-AFF0D15BEAED}.Release|ARM.Build.0 = Release|ARM
		{457F45D2-556F-47BC-A31D-AFF0D15BEAED}.Release|ARM64.ActiveCfg = Release|ARM64
		{457F45D2-556F-47BC-A31D-AFF0D15BEAED}.Release|ARM64.Build.0 = Release|ARM64
		{457F45D2-556F-47BC-A31D-AFF0D15BEAED}.Release|Win32.ActiveCfg = Release|Win32
		{457F45D2-556F-47BC-A31D-AFF0D15BEAED}.Release|Win32.Build.0 = Release|Win32
		{457F45D2-556F-47BC-A31D-AFF0D15BEAED}.Release|x64.ActiveCfg = Release|x64
		{457F45D2-556F-47BC-A31D-AFF0D15BEAED}.Release|x64.Build.0 = Release|x64
		{533F1D30-D04D-47CC-AD71-20F658907E36}.Debug|ARM.ActiveCfg = Debug|ARM
		{533F1D30-D04D-47CC-AD71-20F658907E36}.Debug|ARM.Build.0 = Debug|ARM
		{533F1D30-D04D-47CC-AD71-20F658907E36}.Debug|ARM64.ActiveCfg = Debug|ARM64
		{533F1D30-D04D-47CC-AD71-20F658907E36}.Debug|ARM64.Build.0 = Debug|ARM64
		{533F1D30-D04D-47CC-AD71-20F658907E36}.Debug|Win32.ActiveCfg = Debug|Win32
		{533F1D30-D04D-47CC-AD71-20F658907E36}.Debug|Win32.Build.0 = Debug|Win32
		{533F1D30-D04D-47CC-AD71-20F658907E36}.Debug|x64.ActiveCfg = Debug|x64
		{533F1D30-D04D-47CC-AD71-20F658907E36}.Debug|x64.Build.0 = Debug|x64
		{533F1D30-D04D-47CC-AD71-20F658907E36}.Release|ARM.ActiveCfg = Release|ARM
		{533F1D30-D04D-47CC-AD71-20F658907E36}.Release|ARM.Build.0 = Release|ARM
		{533F1D30-D04D-47CC-AD71-20F658907E36}.Release|ARM64.ActiveCfg = Release|ARM64
		{533F1D30-D04D-47CC-AD71-20F658907E36}.Release|ARM64.Build.0 = Release|ARM64
		{533F1D30-D04D-47CC-AD71-20F658907E36}.Release|Win32.ActiveCfg = Release|Win32
		{533F1D30-D04D-47CC-AD71-20F658907E36}.Release|Win32.Build.0 = Release|Win32
		{533F1D30-D04D-47CC-AD71-20F658907E36}.Release|x64.ActiveCfg = Release|x64
		{533F1D30-D04D-47CC-AD71-20F658907E36}.Release|x64.Build.0 = Release|x64
		{EE9BD869-CAA3-447D-8328-294D90DE2C1F}.Debug|ARM.ActiveCfg = Debug|ARM
		{EE9BD869-CAA3-447D-8328-294D90DE2C1F}.Debug|ARM.Build.0 = Debug|ARM
		{EE9BD869-CAA3-447D-8328-294D90DE2C1F}.Debug|ARM64.ActiveCfg = Debug|ARM64
		{EE9BD869-CAA3-447D-8328-294D90DE2C1F}.Debug|ARM64.Build.0 = Debug|ARM64
		{EE9BD869-CAA3-447D-8328-294D90DE2C1F}.Debug|Win32.ActiveCfg = Debug|Win32
		{EE9BD869-CAA3-447D-8328-294D90DE2C1F}.Debug|Win32.Build.0 = Debug|Win32
		{EE9BD869-CAA3-447D-8328-294D90DE2C1F}.Debug|x64.ActiveCfg = Debug|x64
		{EE9BD869-CAA3-447D-8328-294D90DE2C1F}.Debug|x64.Build.0 = Debug|x64
		{EE9BD869-CAA3-447D-8328-294D90DE2C1F}.Release|ARM.ActiveCfg = Release|ARM
		{EE9BD869-CAA3-447D-8328-294D90DE2C1F}.Release|ARM.Build.0 = Release|ARM
		{EE9BD869-CAA3-447D-8328-294D90DE2C1F}.Release|ARM64.ActiveCfg = Release|ARM64
		{EE9BD869-CAA3-447D-8328-294D90DE2C1F}.Release|ARM64.Build.0 = Release|ARM64
		{EE9BD869-CAA3-447D-8328-294D90DE2C1F}.Release|Win32.ActiveCfg = Release|Win32
		{EE9BD869-CAA3-447D-8328-294D90DE2C1F}.Release|Win32.Build.0 = Release|Win32
		{EE9BD869-CAA3-447D-8328-294D90DE2C1F}.Release|x64.ActiveCfg = Release|x64
		{EE9BD869-CAA3-447D-8328-294D90DE2C1F}.Release|x64.Build.0 = Release|x64
		{3BAAE095-E0AB-4B0E-B5DF-CE39C8AE31DE}.Debug|ARM.ActiveCfg = Debug|ARM
		{3BAAE095-E0AB-4B0E-B5DF-CE39C8AE31DE}.Debug|ARM.Build.0 = Debug|ARM
		{3BAAE095-E0AB-4B0E-B5DF-CE39C8AE31DE}.Debug|ARM64.ActiveCfg = Debug|ARM64
		{3BAAE095-E0AB-4B0E-B5DF-CE39C8AE31DE}.Debug|ARM64.Build.0 = Debug|ARM64
		{3BAAE095-E0AB-4B0E-B5DF-CE39C8AE31DE}.Debug|Win32.ActiveCfg = Debug|Win32
		{3BAAE095-E0AB-4B0E-B5DF-CE39C8AE31DE}.Debug|Win32.Build.0 = Debug|Win32
		{3BAAE095-E0AB-4B0E-B5DF-CE39C8AE31DE}.Debug|x64.ActiveCfg = Debug|x64
		{3BAAE095-E0AB-4B0E-B5DF-CE39C8AE31DE}.Debug|x64.Build.0 = Debug|x64
		{3BAAE095-E0AB-4B0E-B5DF-CE39C8AE31DE}.Release|ARM.ActiveCfg = Release|ARM
		{3BAAE095-E0AB-4B0E-B5DF-CE39C8AE31DE}.Release|ARM.Build.0 = Release|ARM
		{3BAAE095-E0AB-4B0E-B5DF-CE39C8AE31DE}.Release|ARM64.ActiveCfg = Release|ARM64
		{3BAAE095-E0AB-4B0E-B5DF-CE39C8AE31DE}.Release|ARM64.Build.0 = Release|ARM64
		{3BAAE095-E0AB-4B0E-B5DF-CE39C8AE31DE}.Release|Win32.ActiveCfg = Release|Win32
		{3BAAE095-E0AB-4B0E-B5DF-CE39C8AE31DE}.Release|Win32.Build.0 = Release|Win32
		{3BAAE095-E0AB-4B0E-B5DF-CE39C8AE31DE}.Release|x64.ActiveCfg = Release|x64
		{3BAAE095-E0AB-4B0E-B5DF-CE39C8AE31DE}.Release|x64.Build.0 = Release|x64
		{37CBC214-7CE7-4655-B619-F7CEE16E3313}.Debug|ARM.ActiveCfg = Debug|ARM
		{37CBC214-7CE7-4655-B619-F7CEE16E3313}.Debug|ARM.Build.0 = Debug|ARM
		{37CBC214-7CE7-4655-B619-F7CEE16E3313}.Debug|ARM64.ActiveCfg = Debug|ARM64
		{37CBC214-7CE7-4655-B619-F7CEE16E3313}.Debug|ARM64.Build.0 = Debug|ARM64
		{37CBC214-7CE7-4655-B619-F7CEE16E3313}.Debug|Win32.ActiveCfg = Debug|Win32
		{37CBC214-7CE7-4655-B619-F7CEE16E3313}.Debug|Win32.Build.0 = Debug|Win32
		{37CBC214-7CE7-4655-B619-F7CEE16E3313}.Debug|x64.ActiveCfg = Debug|x64
		{37CBC214-7CE7-4655-B619-F7CEE16E3313}.Debug|x64.Build.0 = Debug|x64
		{37CBC214-7CE7-4655-B619-F7CEE16E3313}.Release|ARM.ActiveCfg = Release|ARM
		{37CBC214-7CE7-4655-B619-F7CEE16E3313}.Release|ARM.Build.0 = Release|ARM
		{37CBC214-7CE7-4655-B619-F7CEE16E3313}.Release|ARM64.ActiveCfg = Release|ARM64
		{37CBC214-7CE7-4655-B619-F7CEE16E3313}.Release|ARM64.Build.0 = Release|ARM64
		{37CBC214-7CE7-4655-B619-F7CEE16E3313}.Release|Win32.ActiveCfg = Release|Win32
		{37CBC214-7CE7-4655-B619-F7CEE16E3313}.Release|Win32.Build.0 = Release|Win32
		{37CBC214-7CE7-4655-B619-F7CEE16E3313}.Release|x64.ActiveCfg = Release|x64
		{37CBC214-7CE7-4655-B619-F7CEE16E3313}.Release|x64.Build.0 = Release|x64
		{004B8D11-2BE3-4BD9-AB40-2BE04CF2096F}.Debug|ARM.ActiveCfg = Debug|ARM
		{004B8D11-2BE3-4BD9-AB40-2BE04CF2096F}.Debug|ARM.Build.0 = Debug|ARM
		{004B8D11-2BE3-4BD9-AB40-2BE04CF2096F}.Debug|ARM64.ActiveCfg = Debug|ARM64
		{004B8D11-2BE3-4BD9-AB40-2BE04CF2096F}.Debug|ARM64.Build.0 = Debug|ARM64
		{004B8D11-2BE3-4BD9-AB40-2BE04CF2096F}.Debug|Win32.ActiveCfg = Debug|Win32
		{004B8D11-2BE3-4BD9-AB40-2BE04CF2096F}.Debug|Win32.Build.0 = Debug|Win32
		{004B8D11-2BE3-4BD9-AB40-2BE04CF2096F}.Debug|x64.ActiveCfg = Debug|x64
		{004B8D11-2BE3-4BD9-AB40-2BE04CF2096F}.Debug|x64.Build.0 = Debug|x64
		{004B8D11-2BE3-4BD9-AB40-2BE04CF2096F}.Release|ARM.ActiveCfg = Release|ARM
		{004B8D11-2BE3-4BD9-AB40-2BE04CF2096F}.Release|ARM.Build.0 = Release|ARM
		{004B8D11-2BE3-4BD9-AB40-2BE04CF2096F}.Release|ARM64.ActiveCfg = Release|ARM64
		{004B8D11-2BE3-4BD9-AB40-2BE04CF2096F}.Release|ARM64.Build.0 = Release|ARM64
		{004B8D11-2BE3-4BD9-AB40-2BE04CF2096F}.Release|Win32.ActiveCfg = Release|Win32
		{004B8D11-2BE3-4BD9-AB40-2BE04CF2096F}.Release|Win32.Build.0 = Release|Win32
		{004B8D11-2BE3-4BD9-AB40-2BE04CF2096F}.Release|x64.ActiveCfg = Release|x64
		{004B8D11-2BE3-4BD9-AB40-2BE04CF2096F}.Release|x64.Build.0 = Release|x64
		{129E5E2B-39C1-4D84-96FE-DFD22DBB4A25}.Debug|ARM.ActiveCfg = Debug|ARM
		{129E5E2B-39C1-4D84-96FE-DFD22DBB4A25}.Debug|ARM.Build.0 = Debug|ARM
		{129E5E2B-39C1-4D84-96FE-DFD22DBB4A25}.Debug|ARM64.ActiveCfg = Debug|ARM64
		{129E5E2B-39C1-4D84-96FE-DFD22DBB4A25}.Debug|ARM64.Build.0 = Debug|ARM64
		{129E5E2B-39C1-4D84-96FE-DFD22DBB4A25}.Debug|Win32.ActiveCfg = Debug|Win32
		{129E5E2B-39C1-4D84-96FE-DFD22DBB4A25}.Debug|Win32.Build.0 = Debug|Win32
		{129E5E2B-39C1-4D84-96FE-DFD22DBB4A25}.Debug|x64.ActiveCfg = Debug|x64
		{129E5E2B-39C1-4D84-96FE-DFD22DBB4A25}.Debug|x64.Build.0 = Debug|x64
		{129E5E2B-39C1-4D84-96FE-DFD22DBB4A25}.Release|ARM.ActiveCfg = Release|ARM
		{129E5E2B-39C1-4D84-96FE-DFD22DBB4A25}.Release|ARM.Build.0 = Release|ARM
		{129E5E2B-39C1-4D84-96FE-DFD22DBB4A25}.Release|ARM64.ActiveCfg = Release|ARM64
		{129E5E2B-39C1-4D84-96FE-DFD22DBB4A25}.Release|ARM64.Build.0 = Release|ARM64
		{129E5E2B-39C1-4D84-96FE-DFD22DBB4A25}.Release|Win32.ActiveCfg = Release|Win32
		{129E5E2B-39C1-4D84-96FE-DFD22DBB4A25}.Release|Win32.Build.0 = Release|Win32
		{129E5E2B-39C1-4D84-96FE-DFD22DBB4A25}.Release|x64.ActiveCfg = Release|x64
		{129E5E2B-39C1-4D84-96FE-DFD22DBB4A25}.Release|x64.Build.0 = Release|x64
		{EDFA2E87-8AC1-4853-95D4-D7594FF81947}.Debug|ARM.ActiveCfg = Debug|ARM
		{EDFA2E87-8AC1-4853-95D4-D7594FF81947}.Debug|ARM.Build.0 = Debug|ARM
		{EDFA2E87-8AC1-4853-95D4-D7594FF81947}.Debug|ARM64.ActiveCfg = Debug|ARM64
		{EDFA2E87-8AC1-4853-95D4-D7594FF81947}.Debug|ARM64.Build.0 = Debug|ARM64
		{EDFA2E87-8AC1-4853-95D4-D7594FF81947}.Debug|Win32.ActiveCfg = Debug|Win32
		{EDFA2E87-8AC1-4853-95D4-D7594FF81947}.Debug|Win32.Build.0 = Debug|Win32
		{EDFA2E87-8AC1-4853-95D4-D7594FF81947}.Debug|x64.ActiveCfg = Debug|x64
		{EDFA2E87-8AC1-4853-95D4-D7594FF81947}.Debug|x64.Build.0 = Debug|x64
		{EDFA2E87-8AC1-4853-95D4-D7594FF81947}.Release|ARM.ActiveCfg = Release|ARM
		{EDFA2E87-8AC1-4853-95D4-D7594FF81947}.Release|ARM.Build.0 = Release|ARM
		{EDFA2E87-8AC1-4853-95D4-D7594FF81947}.Release|ARM64.ActiveCfg = Release|ARM64
		{EDFA2E87-8AC1-4853-95D4-D7594FF81947}.Release|ARM64.Build.0 = Release|ARM64
		{EDFA2E87-8AC1-4853-95D4-D7594FF81947}.Release|Win32.ActiveCfg = Release|Win32
		{EDFA2E87-8AC1-4853-95D4-D7594FF81947}.Release|Win32.Build.0 = Release|Win32
		{EDFA2E87-8AC1-4853-95D4-D7594FF81947}.Release|x64.ActiveCfg = Release|x64
		{EDFA2E87-8AC1-4853-95D4-D7594FF81947}.Release|x64.Build.0 = Release|x64
		{4328A62C-F1E9-47ED-B816-A1A81DAF4363}.Debug|ARM.ActiveCfg = Debug|ARM
		{4328A62C-F1E9-47ED-B816-A1A81DAF4363}.Debug|ARM.Build.0 = Debug|ARM
		{4328A62C-F1E9-47ED-B816-A1A81DAF4363}.Debug|ARM64.ActiveCfg = Debug|ARM64
		{4328A62C-F1E9-47ED-B816-A1A81DAF4363}.Debug|ARM64.Build.0 = Debug|ARM64
		{4328A62C-F1E9-47ED-B816-A1A81DAF4363}.Debug|Win32.ActiveCfg = Debug|Win32
		{4328A62C-F1E9-47ED-B816-A1A81DAF4363}.Debug|Win32.Build.0 = Debug|Win32
		{4328A62C-F1E9-47ED-B816-A1A81DAF4363}.Debug|x64.ActiveCfg = Debug|x64
		{4328A62C-F1E9-47ED-B816-A1A81DAF4363}.Debug|x64.Build.0 = Debug|x64
		{4328A62C-F1E9-47ED-B816-A1A81DAF4363}.Release|ARM.ActiveCfg = Release|ARM
		{4328A62C-F1E9-47ED-B816-A1A81DAF4363}.Release|ARM.Build.0 = Release|ARM
		{4328A62C-F1E9-47ED-B816-A1A81DAF4363}.Release|ARM64.ActiveCfg = Release|ARM64
		{4328A62C-F1E9-47ED-B816-A1A81DAF4363}.Release|ARM64.Build.0 = Release|ARM64
		{4328A62C-F1E9-47ED-B816-A1A81DAF4363}.Release|Win32.ActiveCfg = Release|Win32
		{4328A62C-F1E9-47ED-B816-A1A81DAF4363}.Release|Win32.Build.0 = Release|Win32
		{4328A62C-F1E9-47ED-B816-A1A81DAF4363}.Release|x64.ActiveCfg = Release|x64
		{4328A62C-F1E9-47ED-B816-A1A81DAF4363}.Release|x64.Build.0 = Release|x64
		{BEB0A821-3C7F-410F-A525-63AFBC69BF8F}.Debug|ARM.ActiveCfg = Debug|ARM
		{BEB0A821-3C7F-410F-A525-63AFBC69BF8F}.Debug|ARM.Build.0 = Debug|ARM
		{BEB0A821-3C7F-410F-A525-63AFBC69BF8F}.Debug|ARM64.ActiveCfg = Debug|ARM64
		{BEB0A821-3C7F-410F-A525-63AFBC69BF8F}.Debug|ARM64.Build.0 = Debug|ARM64
		{BEB0A821-3C7F-410F-A525-63AFBC69BF8F}.Debug|Win32.ActiveCfg = Debug|Win32
		{BEB0A821-3C7F-410F-A525-63AFBC69BF8F}.Debug|Win32.Build.0 = Debug|Win32
		{BEB0A821-3C7F-410F-A525-63AFBC69BF8F}.Debug|x64.ActiveCfg = Debug|x64
		{BEB0A821-3C7F-410F-A525-63AFBC69BF8F}.Debug|x64.Build.0 = Debug|x64
		{BEB0A821-3C7F-410F-A525-63AFBC69BF8F}.Release|ARM.ActiveCfg = Release|ARM
		{BEB0A821-3C7F-410F-A525-63AFBC69BF8F}.Release|ARM.Build.0 = Release|ARM
		{BEB0A821-3C7F-410F-A525-63AFBC69BF8F}.Release|ARM64.ActiveCfg = Release|ARM64
		{BEB0A821-3C7F-410F-A525-63AFBC69BF8F}.Release|ARM64.Build.0 = Release|ARM64
		{BEB0A821-3C7F-410F-A525-63AFBC69BF8F}.Release|Win32.ActiveCfg = Release|Win32
		{BEB0A821-3C7F-410F-A525-63AFBC69BF8F}.Release|Win32.Build.0 = Release|Win32
		{BEB0A821-3C7F-410F-A525-63AFBC69BF8F}.Release|x64.ActiveCfg = Release|x64
		{BEB0A821-3C7F-410F-A525-63AFBC69BF8F}.Release|x64.Build.0 = Release|x64
		{FBE46262-7C2C-400C-92F9-F8A9E72594DD}.Debug|ARM.ActiveCfg = Debug|x64
		{FBE46262-7C2C-400C-92F9-F8A9E72594DD}.Debug|ARM64.ActiveCfg = Debug|x64
		{FBE46262-7C2C-400C-92F9-F8A9E72594DD}.Debug|Win32.ActiveCfg = Debug|x64
		{FBE46262-7C2C-400C-92F9-F8A9E72594DD}.Debug|x64.ActiveCfg = Release|x64
		{FBE46262-7C2C-400C-92F9-F8A9E72594DD}.Release|ARM.ActiveCfg = Release|x64
		{FBE46262-7C2C-400C-92F9-F8A9E72594DD}.Release|ARM64.ActiveCfg = Release|x64
		{FBE46262-7C2C-400C-92F9-F8A9E72594DD}.Release|Win32.ActiveCfg = Release|x64
		{FBE46262-7C2C-400C-92F9-F8A9E72594DD}.Release|x64.ActiveCfg = Release|x64
		{FBE46262-7C2C-400C-92F9-F8A9E72594DD}.Release|x64.Build.0 = Release|x64
		{B7DED405-40A2-48F8-9382-538F10D442F1}.Debug|ARM.ActiveCfg = Debug|x64
		{B7DED405-40A2-48F8-9382-538F10D442F1}.Debug|ARM64.ActiveCfg = Debug|x64
		{B7DED405-40A2-48F8-9382-538F10D442F1}.Debug|Win32.ActiveCfg = Debug|x64
		{B7DED405-40A2-48F8-9382-538F10D442F1}.Debug|x64.ActiveCfg = Release|x64
		{B7DED405-40A2-48F8-9382-538F10D442F1}.Release|ARM.ActiveCfg = Release|x64
		{B7DED405-40A2-48F8-9382-538F10D442F1}.Release|ARM64.ActiveCfg = Release|x64
		{B7DED405-40A2-48F8-9382-538F10D442F1}.Release|Win32.ActiveCfg = Release|x64
		{B7DED405-40A2-48F8-9382-538F10D442F1}.Release|x64.ActiveCfg = Release|x64
		{B7DED405-40A2-48F8-9382-538F10D442F1}.Release|x64.Build.0 = Release|x64
		{D8A71225-178B-424E-96C1-CC3BE2C1B047}.Debug|ARM.ActiveCfg = Debug|ARM
		{D8A71225-178B-424E-96C1-CC3BE2C1B047}.Debug|ARM.Build.0 = Debug|ARM
		{D8A71225-178B-424E-96C1-CC3BE2C1B047}.Debug|ARM64.ActiveCfg = Debug|ARM64
		{D8A71225-178B-424E-96C1-CC3BE2C1B047}.Debug|ARM64.Build.0 = Debug|ARM64
		{D8A71225-178B-424E-96C1-CC3BE2C1B047}.Debug|Win32.ActiveCfg = Debug|Win32
		{D8A71225-178B-424E-96C1-CC3BE2C1B047}.Debug|Win32.Build.0 = Debug|Win32
		{D8A71225-178B-424E-96C1-CC3BE2C1B047}.Debug|x64.ActiveCfg = Debug|x64
		{D8A71225-178B-424E-96C1-CC3BE2C1B047}.Debug|x64.Build.0 = Debug|x64
		{D8A71225-178B-424E-96C1-CC3BE2C1B047}.Release|ARM.ActiveCfg = Release|ARM
		{D8A71225-178B-424E-96C1-CC3BE2C1B047}.Release|ARM.Build.0 = Release|ARM
		{D8A71225-178B-424E-96C1-CC3BE2C1B047}.Release|ARM64.ActiveCfg = Release|ARM64
		{D8A71225-178B-424E-96C1-CC3BE2C1B047}.Release|ARM64.Build.0 = Release|ARM64
		{D8A71225-178B-424E-96C1-CC3BE2C1B047}.Release|Win32.ActiveCfg = Release|Win32
		{D8A71225-178B-424E-96C1-CC3BE2C1B047}.Release|Win32.Build.0 = Release|Win32
		{D8A71225-178B-424E-96C1-CC3BE2C1B047}.Release|x64.ActiveCfg = Release|x64
		{D8A71225-178B-424E-96C1-CC3BE2C1B047}.Release|x64.Build.0 = Release|x64
		{8BFD8150-94D5-4BF9-8A50-7BD9929A0850}.Debug|ARM.ActiveCfg = Debug|ARM
		{8BFD8150-94D5-4BF9-8A50-7BD9929A0850}.Debug|ARM.Build.0 = Debug|ARM
		{8BFD8150-94D5-4BF9-8A50-7BD9929A0850}.Debug|ARM64.ActiveCfg = Debug|ARM64
		{8BFD8150-94D5-4BF9-8A50-7BD9929A0850}.Debug|ARM64.Build.0 = Debug|ARM64
		{8BFD8150-94D5-4BF9-8A50-7BD9929A0850}.Debug|Win32.ActiveCfg = Debug|Win32
		{8BFD8150-94D5-4BF9-8A50-7BD9929A0850}.Debug|Win32.Build.0 = Debug|Win32
		{8BFD8150-94D5-4BF9-8A50-7BD9929A0850}.Debug|x64.ActiveCfg = Debug|x64
		{8BFD8150-94D5-4BF9-8A50-7BD9929A0850}.Debug|x64.Build.0 = Debug|x64
		{8BFD8150-94D5-4BF9-8A50-7BD9929A0850}.Release|ARM.ActiveCfg = Release|ARM
		{8BFD8150-94D5-4BF9-8A50-7BD9929A0850}.Release|ARM.Build.0 = Release|ARM
		{8BFD8150-94D5-4BF9-8A50-7BD9929A0850}.Release|ARM64.ActiveCfg = Release|ARM64
		{8BFD8150-94D5-4BF9-8A50-7BD9929A0850}.Release|ARM64.Build.0 = Release|ARM64
		{8BFD8150-94D5-4BF9-8A50-7BD9929A0850}.Release|Win32.ActiveCfg = Release|Win32
		{8BFD8150-94D5-4BF9-8A50-7BD9929A0850}.Release|Win32.Build.0 = Release|Win32
		{8BFD8150-94D5-4BF9-8A50-7BD9929A0850}.Release|x64.ActiveCfg = Release|x64
		{8BFD8150-94D5-4BF9-8A50-7BD9929A0850}.Release|x64.Build.0 = Release|x64
		{C249F016-7F82-45CF-BB6E-0642A988C4D3}.Debug|ARM.ActiveCfg = Debug|ARM
		{C249F016-7F82-45CF-BB6E-0642A988C4D3}.Debug|ARM.Build.0 = Debug|ARM
		{C249F016-7F82-45CF-BB6E-0642A988C4D3}.Debug|ARM64.ActiveCfg = Debug|ARM64
		{C249F016-7F82-45CF-BB6E-0642A988C4D3}.Debug|ARM64.Build.0 = Debug|ARM64
		{C249F016-7F82-45CF-BB6E-0642A988C4D3}.Debug|Win32.ActiveCfg = Debug|Win32
		{C249F016-7F82-45CF-BB6E-0642A988C4D3}.Debug|Win32.Build.0 = Debug|Win32
		{C249F016-7F82-45CF-BB6E-0642A988C4D3}.Debug|x64.ActiveCfg = Debug|x64
		{C249F016-7F82-45CF-BB6E-0642A988C4D3}.Debug|x64.Build.0 = Debug|x64
		{C249F016-7F82-45CF-BB6E-0642A988C4D3}.Release|ARM.ActiveCfg = Release|ARM
		{C249F016-7F82-45CF-BB6E-0642A988C4D3}.Release|ARM.Build.0 = Release|ARM
		{C249F016-7F82-45CF-BB6E-0642A988C4D3}.Release|ARM64.ActiveCfg = Release|ARM64
		{C249F016-7F82-45CF-BB6E-0642A988C4D3}.Release|ARM64.Build.0 = Release|ARM64
		{C249F016-7F82-45CF-BB6E-0642A988C4D3}.Release|Win32.ActiveCfg = Release|Win32
		{C249F016-7F82-45CF-BB6E-0642A988C4D3}.Release|Win32.Build.0 = Release|Win32
		{C249F016-7F82-45CF-BB6E-0642A988C4D3}.Release|x64.ActiveCfg = Release|x64
		{C249F016-7F82-45CF-BB6E-0642A988C4D3}.Release|x64.Build.0 = Release|x64
		{31694510-A8C0-40F6-B09B-E8DF825ADEFA}.Debug|ARM.ActiveCfg = Debug|ARM
		{31694510-A8C0-40F6-B09B-E8DF825ADEFA}.Debug|ARM.Build.0 = Debug|ARM
		{31694510-A8C0-40F6-B09B-E8DF825ADEFA}.Debug|ARM64.ActiveCfg = Debug|ARM64
		{31694510-A8C0-40F6-B09B-E8DF825ADEFA}.Debug|ARM64.Build.0 = Debug|ARM64
		{31694510-A8C0-40F6-B09B-E8DF825ADEFA}.Debug|Win32.ActiveCfg = Debug|Win32
		{31694510-A8C0-40F6-B09B-E8DF825ADEFA}.Debug|Win32.Build.0 = Debug|Win32
		{31694510-A8C0-40F6-B09B-E8DF825ADEFA}.Debug|x64.ActiveCfg = Debug|x64
		{31694510-A8C0-40F6-B09B-E8DF825ADEFA}.Debug|x64.Build.0 = Debug|x64
		{31694510-A8C0-40F6-B09B-E8DF825ADEFA}.Release|ARM.ActiveCfg = Release|ARM
		{31694510-A8C0-40F6-B09B-E8DF825ADEFA}.Release|ARM.Build.0 = Release|ARM
		{31694510-A8C0-40F6-B09B-E8DF825ADEFA}.Release|ARM64.ActiveCfg = Release|ARM64
		{31694510-A8C0-40F6-B09B-E8DF825ADEFA}.Release|ARM64.Build.0 = Release|ARM64
		{31694510-A8C0-40F6-B09B-E8DF825ADEFA}.Release|Win32.ActiveCfg = Release|Win32
		{31694510-A8C0-40F6-B09B-E8DF825ADEFA}.Release|Win32.Build.0 = Release|Win32
		{31694510-A8C0-40F6-B09B-E8DF825ADEFA}.Release|x64.ActiveCfg = Release|x64
		{31694510-A8C0-40F6-B09B-E8DF825ADEFA}.Release|x64.Build.0 = Release|x64
		{956F1F48-B612-46D8-89EE-96996DCD9383}.Debug|ARM.ActiveCfg = Debug|ARM
		{956F1F48-B612-46D8-89EE-96996DCD9383}.Debug|ARM.Build.0 = Debug|ARM
		{956F1F48-B612-46D8-89EE-96996DCD9383}.Debug|ARM64.ActiveCfg = Debug|ARM64
		{956F1F48-B612-46D8-89EE-96996DCD9383}.Debug|ARM64.Build.0 = Debug|ARM64
		{956F1F48-B612-46D8-89EE-96996DCD9383}.Debug|Win32.ActiveCfg = Debug|Win32
		{956F1F48-B612-46D8-89EE-96996DCD9383}.Debug|Win32.Build.0 = Debug|Win32
		{956F1F48-B612-46D8-89EE-96996DCD9383}.Debug|x64.ActiveCfg = Debug|x64
		{956F1F48-B612-46D8-89EE-96996DCD9383}.Debug|x64.Build.0 = Debug|x64
		{956F1F48-B612-46D8-89EE-96996DCD9383}.Release|ARM.ActiveCfg = Release|ARM
		{956F1F48-B612-46D8-89EE-96996DCD9383}.Release|ARM.Build.0 = Release|ARM
		{956F1F48-B612-46D8-89EE-96996DCD9383}.Release|ARM64.ActiveCfg = Release|ARM64
		{956F1F48-B612-46D8-89EE-96996DCD9383}.Release|ARM64.Build.0 = Release|ARM64
		{956F1F48-B612-46D8-89EE-96996DCD9383}.Release|Win32.ActiveCfg = Release|Win32
		{956F1F48-B612-46D8-89EE-96996DCD9383}.Release|Win32.Build.0 = Release|Win32
		{956F1F48-B612-46D8-89EE-96996DCD9383}.Release|x64.ActiveCfg = Release|x64
		{956F1F48-B612-46D8-89EE-96996DCD9383}.Release|x64.Build.0 = Release|x64
	EndGlobalSection
	GlobalSection(SolutionProperties) = preSolution
		HideSolutionNode = FALSE
	EndGlobalSection
	GlobalSection(NestedProjects) = preSolution
		{F761046E-6C38-4428-A5F1-38391A37BB34} = {39FCACF8-10D9-4D8D-97AA-7507436AD932}
		{3BAAE095-E0AB-4B0E-B5DF-CE39C8AE31DE} = {39FCACF8-10D9-4D8D-97AA-7507436AD932}
		{129E5E2B-39C1-4D84-96FE-DFD22DBB4A25} = {39FCACF8-10D9-4D8D-97AA-7507436AD932}
		{EDFA2E87-8AC1-4853-95D4-D7594FF81947} = {39FCACF8-10D9-4D8D-97AA-7507436AD932}
		{4328A62C-F1E9-47ED-B816-A1A81DAF4363} = {39FCACF8-10D9-4D8D-97AA-7507436AD932}
		{BEB0A821-3C7F-410F-A525-63AFBC69BF8F} = {39FCACF8-10D9-4D8D-97AA-7507436AD932}
		{FBE46262-7C2C-400C-92F9-F8A9E72594DD} = {999C12EA-A74F-4868-84F7-64C258043C49}
		{B7DED405-40A2-48F8-9382-538F10D442F1} = {999C12EA-A74F-4868-84F7-64C258043C49}
		{D8A71225-178B-424E-96C1-CC3BE2C1B047} = {39FCACF8-10D9-4D8D-97AA-7507436AD932}
		{8BFD8150-94D5-4BF9-8A50-7BD9929A0850} = {39FCACF8-10D9-4D8D-97AA-7507436AD932}
		{C249F016-7F82-45CF-BB6E-0642A988C4D3} = {39FCACF8-10D9-4D8D-97AA-7507436AD932}
		{31694510-A8C0-40F6-B09B-E8DF825ADEFA} = {39FCACF8-10D9-4D8D-97AA-7507436AD932}
		{956F1F48-B612-46D8-89EE-96996DCD9383} = {39FCACF8-10D9-4D8D-97AA-7507436AD932}
	EndGlobalSection
	GlobalSection(ExtensibilityGlobals) = postSolution
		SolutionGuid = {2FD47774-A031-48F4-B645-A49A3140A29B}
	EndGlobalSection
EndGlobal
