<?xml version="1.0" encoding="utf-8"?>
<Project ToolsVersion="4.0" xmlns="http://schemas.microsoft.com/developer/msbuild/2003">
  <ItemGroup>
    <Filter Include="Source Files">
      <UniqueIdentifier>{2cb60d77-18ca-45ad-a4f3-0d736ca63aac}</UniqueIdentifier>
      <Extensions>cpp;c;cxx;rc;def;r;odl;idl;hpj;bat</Extensions>
    </Filter>
    <Filter Include="Header Files">
      <UniqueIdentifier>{1aece6a2-e345-4279-81ae-993564c5b48a}</UniqueIdentifier>
      <Extensions>h;hpp;hxx;hm;inl</Extensions>
    </Filter>
    <Filter Include="Resource Files">
      <UniqueIdentifier>{56fe04f5-c6f6-43c9-95e2-a95245afadd0}</UniqueIdentifier>
      <Extensions>ico;cur;bmp;dlg;rc2;rct;bin;rgs;gif;jpg;jpeg;jpe</Extensions>
    </Filter>
  </ItemGroup>
  <ItemGroup>
    <ClCompile Include="asyncflt.cpp">
      <Filter>Source Files</Filter>
    </ClCompile>
    <ClCompile Include="asyncio.cpp">
      <Filter>Source Files</Filter>
    </ClCompile>
    <ClCompile Include="asyncrdr.cpp">
      <Filter>Source Files</Filter>
    </ClCompile>
  </ItemGroup>
  <ItemGroup>
    <None Include="asyncflt.def">
      <Filter>Source Files</Filter>
    </None>
  </ItemGroup>
  <ItemGroup>
    <ClInclude Include="asyncflt.h">
      <Filter>Header Files</Filter>
    </ClInclude>
    <ClInclude Include="asyncio.h">
      <Filter>Header Files</Filter>
    </ClInclude>
    <ClInclude Include="asyncrdr.h">
      <Filter>Header Files</Filter>
    </ClInclude>
    <ClInclude Include="StreamSourceflt.h">
      <Filter>Header Files</Filter>
    </ClInclude>
  </ItemGroup>
  <ItemGroup>
    <ResourceCompile Include="asyncflt.rc">
      <Filter>Resource Files</Filter>
    </ResourceCompile>
  </ItemGroup>
</Project>