<?xml version="1.0" encoding="utf-8"?>
<Project ToolsVersion="4.0" xmlns="http://schemas.microsoft.com/developer/msbuild/2003">
  <ItemGroup>
    <Filter Include="Source Files">
      <UniqueIdentifier>{4FC737F1-C7A5-4376-A066-2A32D752A2FF}</UniqueIdentifier>
      <Extensions>cpp;c;cc;cxx;def;odl;idl;hpj;bat;asm;asmx</Extensions>
    </Filter>
    <Filter Include="Header Files">
      <UniqueIdentifier>{93995380-89BD-4b04-88EB-625FBE52EBFB}</UniqueIdentifier>
      <Extensions>h;hh;hpp;hxx;hm;inl;inc;ipp;xsd</Extensions>
    </Filter>
    <Filter Include="Resource Files">
      <UniqueIdentifier>{67DA6AB6-F800-4c08-8B7A-83BB121AAD01}</UniqueIdentifier>
      <Extensions>rc;ico;cur;bmp;dlg;rc2;rct;bin;rgs;gif;jpg;jpeg;jpe;resx;tiff;tif;png;wav;mfcribbon-ms</Extensions>
    </Filter>
    <Filter Include="Header Files\internal">
      <UniqueIdentifier>{530543f7-fdda-43c7-8982-427e4d69e74d}</UniqueIdentifier>
    </Filter>
  </ItemGroup>
  <ItemGroup>
    <ClInclude Include="cpu_features\include\cpuinfo_arm.h">
      <Filter>Header Files</Filter>
    </ClInclude>
    <ClInclude Include="cpu_features\include\cpuinfo_mips.h">
      <Filter>Header Files</Filter>
    </ClInclude>
    <ClInclude Include="cpu_features\include\cpuinfo_ppc.h">
      <Filter>Header Files</Filter>
    </ClInclude>
    <ClInclude Include="cpu_features\include\cpuinfo_riscv.h">
      <Filter>Header Files</Filter>
    </ClInclude>
    <ClInclude Include="cpu_features\include\cpuinfo_s390x.h">
      <Filter>Header Files</Filter>
    </ClInclude>
    <ClInclude Include="cpu_features\include\cpuinfo_x86.h">
      <Filter>Header Files</Filter>
    </ClInclude>
    <ClInclude Include="cpu_features\include\cpu_features_cache_info.h">
      <Filter>Header Files</Filter>
    </ClInclude>
    <ClInclude Include="cpu_features\include\cpu_features_macros.h">
      <Filter>Header Files</Filter>
    </ClInclude>
    <ClInclude Include="cpu_features\include\cpuinfo_aarch64.h">
      <Filter>Header Files</Filter>
    </ClInclude>
    <ClInclude Include="cpu_features\include\internal\filesystem.h">
      <Filter>Header Files\internal</Filter>
    </ClInclude>
    <ClInclude Include="cpu_features\include\internal\stack_line_reader.h">
      <Filter>Header Files\internal</Filter>
    </ClInclude>
    <ClInclude Include="cpu_features\include\internal\string_view.h">
      <Filter>Header Files\internal</Filter>
    </ClInclude>
    <ClInclude Include="cpu_features\include\internal\windows_utils.h">
      <Filter>Header Files\internal</Filter>
    </ClInclude>
    <ClInclude Include="cpu_features\include\internal\bit_utils.h">
      <Filter>Header Files\internal</Filter>
    </ClInclude>
    <ClInclude Include="cpu_features\include\internal\cpuid_x86.h">
      <Filter>Header Files\internal</Filter>
    </ClInclude>
  </ItemGroup>
  <ItemGroup>
    <Text Include="cpu_features\CMakeLists.txt">
      <Filter>Resource Files</Filter>
    </Text>
  </ItemGroup>
  <ItemGroup>
    <None Include="cpu_features\src\impl_x86__base_implementation.inl">
      <Filter>Source Files</Filter>
    </None>
    <None Include="cpu_features\src\copy.inl">
      <Filter>Source Files</Filter>
    </None>
    <None Include="cpu_features\src\define_introspection.inl">
      <Filter>Source Files</Filter>
    </None>
    <None Include="cpu_features\src\define_introspection_and_hwcaps.inl">
      <Filter>Source Files</Filter>
    </None>
    <None Include="cpu_features\src\equals.inl">
      <Filter>Source Files</Filter>
    </None>
  </ItemGroup>
  <ItemGroup>
    <ClCompile Include="cpu_features\src\impl_x86_freebsd.c">
      <Filter>Source Files</Filter>
    </ClCompile>
    <ClCompile Include="cpu_features\src\impl_x86_linux_or_android.c">
      <Filter>Source Files</Filter>
    </ClCompile>
    <ClCompile Include="cpu_features\src\impl_x86_macos.c">
      <Filter>Source Files</Filter>
    </ClCompile>
    <ClCompile Include="cpu_features\src\impl_x86_windows.c">
      <Filter>Source Files</Filter>
    </ClCompile>
    <ClCompile Include="cpu_features\src\stack_line_reader.c">
      <Filter>Source Files</Filter>
    </ClCompile>
    <ClCompile Include="cpu_features\src\string_view.c">
      <Filter>Source Files</Filter>
    </ClCompile>
    <ClCompile Include="cpu_features\src\filesystem.c">
      <Filter>Source Files</Filter>
    </ClCompile>
    <ClCompile Include="cpu_features\src\impl_aarch64_linux_or_android.c">
      <Filter>Source Files</Filter>
    </ClCompile>
    <ClCompile Include="cpu_features\src\impl_aarch64_windows.c">
      <Filter>Source Files</Filter>
    </ClCompile>
    <ClCompile Include="cpu_features\src\impl_arm_linux_or_android.c">
      <Filter>Source Files</Filter>
    </ClCompile>
    <ClCompile Include="cpu_features\src\impl_mips_linux_or_android.c">
      <Filter>Source Files</Filter>
    </ClCompile>
    <ClCompile Include="cpu_features\src\impl_ppc_linux.c">
      <Filter>Source Files</Filter>
    </ClCompile>
    <ClCompile Include="cpu_features\src\impl_riscv_linux.c">
      <Filter>Source Files</Filter>
    </ClCompile>
    <ClCompile Include="cpu_features\src\impl_s390x_linux.c">
      <Filter>Source Files</Filter>
    </ClCompile>
  </ItemGroup>
</Project>