Microsoft Visual Studio Solution File, Format Version 12.00
# Visual Studio Version 17
VisualStudioVersion = 17.6.33801.468
MinimumVisualStudioVersion = 10.0.40219.1
Project("{8BC9CEB8-8B4A-11D0-8D11-00A0C91BC942}") = "PPSSPP_UWP", "UWP.vcxproj", "{01D7D581-09A3-4A26-94BD-A7C529B29329}"
	ProjectSection(ProjectDependencies) = postProject
		{D31FD4F0-53EB-477C-9DC7-149796F628E2} = {D31FD4F0-53EB-477C-9DC7-149796F628E2}
	EndProjectSection
EndProject
Project("{8BC9CEB8-8B4A-11D0-8D11-00A0C91BC942}") = "CommonUWP", "CommonUWP\CommonUWP.vcxproj", "{ACB316CA-3ECB-48E5-BE0A-91E72D5B0F12}"
EndProject
Project("{8BC9CEB8-8B4A-11D0-8D11-00A0C91BC942}") = "CoreUWP", "CoreUWP\CoreUWP.vcxproj", "{40B76674-02DE-40EF-889B-FAD1489685E7}"
	ProjectSection(ProjectDependencies) = postProject
		{D31FD4F0-53EB-477C-9DC7-149796F628E2} = {D31FD4F0-53EB-477C-9DC7-149796F628E2}
	EndProjectSection
EndProject
Project("{8BC9CEB8-8B4A-11D0-8D11-00A0C91BC942}") = "GPU_UWP", "GPU_UWP\GPU_UWP.vcxproj", "{5D271429-C288-4534-98AF-94475D940058}"
EndProject
Project("{8BC9CEB8-8B4A-11D0-8D11-00A0C91BC942}") = "UI_UWP", "UI_UWP\UI_UWP.vcxproj", "{5FAC15BD-7397-4512-99D5-66CDC03AF5B7}"
EndProject
Project("{8BC9CEB8-8B4A-11D0-8D11-00A0C91BC942}") = "libkirk_UWP", "libkirk_UWP\libkirk_UWP.vcxproj", "{2F911C05-B341-4291-8BF5-09EDECBDD5F5}"
EndProject
Project("{8BC9CEB8-8B4A-11D0-8D11-00A0C91BC942}") = "zlib_UWP", "zlib_UWP\zlib_UWP.vcxproj", "{DDF90203-0AAE-4F38-B589-2E9637658CE6}"
EndProject
Project("{8BC9CEB8-8B4A-11D0-8D11-00A0C91BC942}") = "glslang_UWP", "glslang_UWP\glslang_UWP.vcxproj", "{D326891E-ECE4-4B94-B5E7-8AA0A8E8ECBC}"
EndProject
Project("{8BC9CEB8-8B4A-11D0-8D11-00A0C91BC942}") = "SPIRVCross_UWP", "SPIRVCross_UWP\SPIRVCross_UWP.vcxproj", "{2B2D16BD-1D37-46AF-A3F8-552900951B26}"
EndProject
Project("{8BC9CEB8-8B4A-11D0-8D11-00A0C91BC942}") = "Armips_UWP", "Armips_UWP\Armips_UWP.vcxproj", "{75286959-E7A2-4CBE-8B95-BF05C9C540FF}"
EndProject
Project("{8BC9CEB8-8B4A-11D0-8D11-00A0C91BC942}") = "libzstd_UWP", "libzstd_UWP\libzstd_UWP.vcxproj", "{75286959-E7A2-4CBE-8B95-BF05C9C540FE}"
EndProject
Project("{8BC9CEB8-8B4A-11D0-8D11-00A0C91BC942}") = "miniupnpc_UWP", "miniupnpc_UWP\miniupnpc_UWP.vcxproj", "{D31FD4F0-53EB-477C-9DC7-149796F628E2}"
EndProject
Project("{8BC9CEB8-8B4A-11D0-8D11-00A0C91BC942}") = "cpu_features_UWP", "cpu_features_UWP\cpu_features_UWP.vcxproj", "{C249F016-7F82-45CF-BB6E-0642A988C4D3}"
EndProject
Project("{8BC9CEB8-8B4A-11D0-8D11-00A0C91BC942}") = "rcheevos_UWP", "rcheevos_UWP\rcheevos_UWP.vcxproj", "{4C9D52D0-310A-4347-8991-E3788CB22169}"
EndProject
Project("{8BC9CEB8-8B4A-11D0-8D11-00A0C91BC942}") = "libchdr_UWP", "libchdr_UWP\libchdr_UWP.vcxproj", "{191B6F52-AD66-4172-BD20-733EEECEEF8C}"
EndProject
Global
	GlobalSection(SolutionConfigurationPlatforms) = preSolution
		Debug|ARM = Debug|ARM
		Debug|ARM64 = Debug|ARM64
		Debug|x64 = Debug|x64
		Release|ARM = Release|ARM
		Release|ARM64 = Release|ARM64
		Release|x64 = Release|x64
		UWP Gold|ARM = UWP Gold|ARM
		UWP Gold|ARM64 = UWP Gold|ARM64
		UWP Gold|x64 = UWP Gold|x64
	EndGlobalSection
	GlobalSection(ProjectConfigurationPlatforms) = postSolution
		{01D7D581-09A3-4A26-94BD-A7C529B29329}.Debug|ARM.ActiveCfg = Debug|ARM
		{01D7D581-09A3-4A26-94BD-A7C529B29329}.Debug|ARM.Build.0 = Debug|ARM
		{01D7D581-09A3-4A26-94BD-A7C529B29329}.Debug|ARM.Deploy.0 = Debug|ARM
		{01D7D581-09A3-4A26-94BD-A7C529B29329}.Debug|ARM64.ActiveCfg = Debug|ARM64
		{01D7D581-09A3-4A26-94BD-A7C529B29329}.Debug|ARM64.Build.0 = Debug|ARM64
		{01D7D581-09A3-4A26-94BD-A7C529B29329}.Debug|ARM64.Deploy.0 = Debug|ARM64
		{01D7D581-09A3-4A26-94BD-A7C529B29329}.Debug|x64.ActiveCfg = Debug|x64
		{01D7D581-09A3-4A26-94BD-A7C529B29329}.Debug|x64.Build.0 = Debug|x64
		{01D7D581-09A3-4A26-94BD-A7C529B29329}.Debug|x64.Deploy.0 = Debug|x64
		{01D7D581-09A3-4A26-94BD-A7C529B29329}.Release|ARM.ActiveCfg = Release|ARM
		{01D7D581-09A3-4A26-94BD-A7C529B29329}.Release|ARM.Build.0 = Release|ARM
		{01D7D581-09A3-4A26-94BD-A7C529B29329}.Release|ARM.Deploy.0 = Release|ARM
		{01D7D581-09A3-4A26-94BD-A7C529B29329}.Release|ARM64.ActiveCfg = Release|ARM64
		{01D7D581-09A3-4A26-94BD-A7C529B29329}.Release|ARM64.Build.0 = Release|ARM64
		{01D7D581-09A3-4A26-94BD-A7C529B29329}.Release|ARM64.Deploy.0 = Release|ARM64
		{01D7D581-09A3-4A26-94BD-A7C529B29329}.Release|x64.ActiveCfg = Release|x64
		{01D7D581-09A3-4A26-94BD-A7C529B29329}.Release|x64.Build.0 = Release|x64
		{01D7D581-09A3-4A26-94BD-A7C529B29329}.Release|x64.Deploy.0 = Release|x64
		{01D7D581-09A3-4A26-94BD-A7C529B29329}.UWP Gold|ARM.ActiveCfg = UWP Gold|ARM
		{01D7D581-09A3-4A26-94BD-A7C529B29329}.UWP Gold|ARM.Build.0 = UWP Gold|ARM
		{01D7D581-09A3-4A26-94BD-A7C529B29329}.UWP Gold|ARM.Deploy.0 = UWP Gold|ARM
		{01D7D581-09A3-4A26-94BD-A7C529B29329}.UWP Gold|ARM64.ActiveCfg = UWP Gold|ARM64
		{01D7D581-09A3-4A26-94BD-A7C529B29329}.UWP Gold|ARM64.Build.0 = UWP Gold|ARM64
		{01D7D581-09A3-4A26-94BD-A7C529B29329}.UWP Gold|ARM64.Deploy.0 = UWP Gold|ARM64
		{01D7D581-09A3-4A26-94BD-A7C529B29329}.UWP Gold|x64.ActiveCfg = UWP Gold|x64
		{01D7D581-09A3-4A26-94BD-A7C529B29329}.UWP Gold|x64.Build.0 = UWP Gold|x64
		{01D7D581-09A3-4A26-94BD-A7C529B29329}.UWP Gold|x64.Deploy.0 = UWP Gold|x64
		{ACB316CA-3ECB-48E5-BE0A-91E72D5B0F12}.Debug|ARM.ActiveCfg = Debug|ARM
		{ACB316CA-3ECB-48E5-BE0A-91E72D5B0F12}.Debug|ARM.Build.0 = Debug|ARM
		{ACB316CA-3ECB-48E5-BE0A-91E72D5B0F12}.Debug|ARM64.ActiveCfg = Debug|ARM64
		{ACB316CA-3ECB-48E5-BE0A-91E72D5B0F12}.Debug|ARM64.Build.0 = Debug|ARM64
		{ACB316CA-3ECB-48E5-BE0A-91E72D5B0F12}.Debug|x64.ActiveCfg = Debug|x64
		{ACB316CA-3ECB-48E5-BE0A-91E72D5B0F12}.Debug|x64.Build.0 = Debug|x64
		{ACB316CA-3ECB-48E5-BE0A-91E72D5B0F12}.Release|ARM.ActiveCfg = Release|ARM
		{ACB316CA-3ECB-48E5-BE0A-91E72D5B0F12}.Release|ARM.Build.0 = Release|ARM
		{ACB316CA-3ECB-48E5-BE0A-91E72D5B0F12}.Release|ARM64.ActiveCfg = Release|ARM64
		{ACB316CA-3ECB-48E5-BE0A-91E72D5B0F12}.Release|ARM64.Build.0 = Release|ARM64
		{ACB316CA-3ECB-48E5-BE0A-91E72D5B0F12}.Release|x64.ActiveCfg = Release|x64
		{ACB316CA-3ECB-48E5-BE0A-91E72D5B0F12}.Release|x64.Build.0 = Release|x64
		{ACB316CA-3ECB-48E5-BE0A-91E72D5B0F12}.UWP Gold|ARM.ActiveCfg = Release|ARM
		{ACB316CA-3ECB-48E5-BE0A-91E72D5B0F12}.UWP Gold|ARM.Build.0 = Release|ARM
		{ACB316CA-3ECB-48E5-BE0A-91E72D5B0F12}.UWP Gold|ARM64.ActiveCfg = Release|ARM64
		{ACB316CA-3ECB-48E5-BE0A-91E72D5B0F12}.UWP Gold|ARM64.Build.0 = Release|ARM64
		{ACB316CA-3ECB-48E5-BE0A-91E72D5B0F12}.UWP Gold|x64.ActiveCfg = Release|x64
		{ACB316CA-3ECB-48E5-BE0A-91E72D5B0F12}.UWP Gold|x64.Build.0 = Release|x64
		{40B76674-02DE-40EF-889B-FAD1489685E7}.Debug|ARM.ActiveCfg = Debug|ARM
		{40B76674-02DE-40EF-889B-FAD1489685E7}.Debug|ARM.Build.0 = Debug|ARM
		{40B76674-02DE-40EF-889B-FAD1489685E7}.Debug|ARM64.ActiveCfg = Debug|ARM64
		{40B76674-02DE-40EF-889B-FAD1489685E7}.Debug|ARM64.Build.0 = Debug|ARM64
		{40B76674-02DE-40EF-889B-FAD1489685E7}.Debug|x64.ActiveCfg = Debug|x64
		{40B76674-02DE-40EF-889B-FAD1489685E7}.Debug|x64.Build.0 = Debug|x64
		{40B76674-02DE-40EF-889B-FAD1489685E7}.Release|ARM.ActiveCfg = Release|ARM
		{40B76674-02DE-40EF-889B-FAD1489685E7}.Release|ARM.Build.0 = Release|ARM
		{40B76674-02DE-40EF-889B-FAD1489685E7}.Release|ARM64.ActiveCfg = Release|ARM64
		{40B76674-02DE-40EF-889B-FAD1489685E7}.Release|ARM64.Build.0 = Release|ARM64
		{40B76674-02DE-40EF-889B-FAD1489685E7}.Release|x64.ActiveCfg = Release|x64
		{40B76674-02DE-40EF-889B-FAD1489685E7}.Release|x64.Build.0 = Release|x64
		{40B76674-02DE-40EF-889B-FAD1489685E7}.UWP Gold|ARM.ActiveCfg = Release|ARM
		{40B76674-02DE-40EF-889B-FAD1489685E7}.UWP Gold|ARM.Build.0 = Release|ARM
		{40B76674-02DE-40EF-889B-FAD1489685E7}.UWP Gold|ARM64.ActiveCfg = Release|ARM64
		{40B76674-02DE-40EF-889B-FAD1489685E7}.UWP Gold|ARM64.Build.0 = Release|ARM64
		{40B76674-02DE-40EF-889B-FAD1489685E7}.UWP Gold|x64.ActiveCfg = Release|x64
		{40B76674-02DE-40EF-889B-FAD1489685E7}.UWP Gold|x64.Build.0 = Release|x64
		{5D271429-C288-4534-98AF-94475D940058}.Debug|ARM.ActiveCfg = Debug|ARM
		{5D271429-C288-4534-98AF-94475D940058}.Debug|ARM.Build.0 = Debug|ARM
		{5D271429-C288-4534-98AF-94475D940058}.Debug|ARM64.ActiveCfg = Debug|ARM64
		{5D271429-C288-4534-98AF-94475D940058}.Debug|ARM64.Build.0 = Debug|ARM64
		{5D271429-C288-4534-98AF-94475D940058}.Debug|x64.ActiveCfg = Debug|x64
		{5D271429-C288-4534-98AF-94475D940058}.Debug|x64.Build.0 = Debug|x64
		{5D271429-C288-4534-98AF-94475D940058}.Release|ARM.ActiveCfg = Release|ARM
		{5D271429-C288-4534-98AF-94475D940058}.Release|ARM.Build.0 = Release|ARM
		{5D271429-C288-4534-98AF-94475D940058}.Release|ARM64.ActiveCfg = Release|ARM64
		{5D271429-C288-4534-98AF-94475D940058}.Release|ARM64.Build.0 = Release|ARM64
		{5D271429-C288-4534-98AF-94475D940058}.Release|x64.ActiveCfg = Release|x64
		{5D271429-C288-4534-98AF-94475D940058}.Release|x64.Build.0 = Release|x64
		{5D271429-C288-4534-98AF-94475D940058}.UWP Gold|ARM.ActiveCfg = Release|ARM
		{5D271429-C288-4534-98AF-94475D940058}.UWP Gold|ARM.Build.0 = Release|ARM
		{5D271429-C288-4534-98AF-94475D940058}.UWP Gold|ARM64.ActiveCfg = Release|ARM64
		{5D271429-C288-4534-98AF-94475D940058}.UWP Gold|ARM64.Build.0 = Release|ARM64
		{5D271429-C288-4534-98AF-94475D940058}.UWP Gold|x64.ActiveCfg = Release|x64
		{5D271429-C288-4534-98AF-94475D940058}.UWP Gold|x64.Build.0 = Release|x64
		{5FAC15BD-7397-4512-99D5-66CDC03AF5B7}.Debug|ARM.ActiveCfg = Debug|ARM
		{5FAC15BD-7397-4512-99D5-66CDC03AF5B7}.Debug|ARM.Build.0 = Debug|ARM
		{5FAC15BD-7397-4512-99D5-66CDC03AF5B7}.Debug|ARM64.ActiveCfg = Debug|ARM64
		{5FAC15BD-7397-4512-99D5-66CDC03AF5B7}.Debug|ARM64.Build.0 = Debug|ARM64
		{5FAC15BD-7397-4512-99D5-66CDC03AF5B7}.Debug|x64.ActiveCfg = Debug|x64
		{5FAC15BD-7397-4512-99D5-66CDC03AF5B7}.Debug|x64.Build.0 = Debug|x64
		{5FAC15BD-7397-4512-99D5-66CDC03AF5B7}.Release|ARM.ActiveCfg = Release|ARM
		{5FAC15BD-7397-4512-99D5-66CDC03AF5B7}.Release|ARM.Build.0 = Release|ARM
		{5FAC15BD-7397-4512-99D5-66CDC03AF5B7}.Release|ARM64.ActiveCfg = Release|ARM64
		{5FAC15BD-7397-4512-99D5-66CDC03AF5B7}.Release|ARM64.Build.0 = Release|ARM64
		{5FAC15BD-7397-4512-99D5-66CDC03AF5B7}.Release|x64.ActiveCfg = Release|x64
		{5FAC15BD-7397-4512-99D5-66CDC03AF5B7}.Release|x64.Build.0 = Release|x64
		{5FAC15BD-7397-4512-99D5-66CDC03AF5B7}.UWP Gold|ARM.ActiveCfg = Release|ARM
		{5FAC15BD-7397-4512-99D5-66CDC03AF5B7}.UWP Gold|ARM.Build.0 = Release|ARM
		{5FAC15BD-7397-4512-99D5-66CDC03AF5B7}.UWP Gold|ARM64.ActiveCfg = Release|ARM64
		{5FAC15BD-7397-4512-99D5-66CDC03AF5B7}.UWP Gold|ARM64.Build.0 = Release|ARM64
		{5FAC15BD-7397-4512-99D5-66CDC03AF5B7}.UWP Gold|x64.ActiveCfg = Release|x64
		{5FAC15BD-7397-4512-99D5-66CDC03AF5B7}.UWP Gold|x64.Build.0 = Release|x64
		{2F911C05-B341-4291-8BF5-09EDECBDD5F5}.Debug|ARM.ActiveCfg = Debug|ARM
		{2F911C05-B341-4291-8BF5-09EDECBDD5F5}.Debug|ARM.Build.0 = Debug|ARM
		{2F911C05-B341-4291-8BF5-09EDECBDD5F5}.Debug|ARM64.ActiveCfg = Debug|ARM64
		{2F911C05-B341-4291-8BF5-09EDECBDD5F5}.Debug|ARM64.Build.0 = Debug|ARM64
		{2F911C05-B341-4291-8BF5-09EDECBDD5F5}.Debug|x64.ActiveCfg = Debug|x64
		{2F911C05-B341-4291-8BF5-09EDECBDD5F5}.Debug|x64.Build.0 = Debug|x64
		{2F911C05-B341-4291-8BF5-09EDECBDD5F5}.Release|ARM.ActiveCfg = Release|ARM
		{2F911C05-B341-4291-8BF5-09EDECBDD5F5}.Release|ARM.Build.0 = Release|ARM
		{2F911C05-B341-4291-8BF5-09EDECBDD5F5}.Release|ARM64.ActiveCfg = Release|ARM64
		{2F911C05-B341-4291-8BF5-09EDECBDD5F5}.Release|ARM64.Build.0 = Release|ARM64
		{2F911C05-B341-4291-8BF5-09EDECBDD5F5}.Release|x64.ActiveCfg = Release|x64
		{2F911C05-B341-4291-8BF5-09EDECBDD5F5}.Release|x64.Build.0 = Release|x64
		{2F911C05-B341-4291-8BF5-09EDECBDD5F5}.UWP Gold|ARM.ActiveCfg = Release|ARM
		{2F911C05-B341-4291-8BF5-09EDECBDD5F5}.UWP Gold|ARM.Build.0 = Release|ARM
		{2F911C05-B341-4291-8BF5-09EDECBDD5F5}.UWP Gold|ARM64.ActiveCfg = Release|ARM64
		{2F911C05-B341-4291-8BF5-09EDECBDD5F5}.UWP Gold|ARM64.Build.0 = Release|ARM64
		{2F911C05-B341-4291-8BF5-09EDECBDD5F5}.UWP Gold|x64.ActiveCfg = Release|x64
		{2F911C05-B341-4291-8BF5-09EDECBDD5F5}.UWP Gold|x64.Build.0 = Release|x64
		{DDF90203-0AAE-4F38-B589-2E9637658CE6}.Debug|ARM.ActiveCfg = Debug|ARM
		{DDF90203-0AAE-4F38-B589-2E9637658CE6}.Debug|ARM.Build.0 = Debug|ARM
		{DDF90203-0AAE-4F38-B589-2E9637658CE6}.Debug|ARM64.ActiveCfg = Debug|ARM64
		{DDF90203-0AAE-4F38-B589-2E9637658CE6}.Debug|ARM64.Build.0 = Debug|ARM64
		{DDF90203-0AAE-4F38-B589-2E9637658CE6}.Debug|x64.ActiveCfg = Debug|x64
		{DDF90203-0AAE-4F38-B589-2E9637658CE6}.Debug|x64.Build.0 = Debug|x64
		{DDF90203-0AAE-4F38-B589-2E9637658CE6}.Release|ARM.ActiveCfg = Release|ARM
		{DDF90203-0AAE-4F38-B589-2E9637658CE6}.Release|ARM.Build.0 = Release|ARM
		{DDF90203-0AAE-4F38-B589-2E9637658CE6}.Release|ARM64.ActiveCfg = Release|ARM64
		{DDF90203-0AAE-4F38-B589-2E9637658CE6}.Release|ARM64.Build.0 = Release|ARM64
		{DDF90203-0AAE-4F38-B589-2E9637658CE6}.Release|x64.ActiveCfg = Release|x64
		{DDF90203-0AAE-4F38-B589-2E9637658CE6}.Release|x64.Build.0 = Release|x64
		{DDF90203-0AAE-4F38-B589-2E9637658CE6}.UWP Gold|ARM.ActiveCfg = Release|ARM
		{DDF90203-0AAE-4F38-B589-2E9637658CE6}.UWP Gold|ARM.Build.0 = Release|ARM
		{DDF90203-0AAE-4F38-B589-2E9637658CE6}.UWP Gold|ARM64.ActiveCfg = Release|ARM64
		{DDF90203-0AAE-4F38-B589-2E9637658CE6}.UWP Gold|ARM64.Build.0 = Release|ARM64
		{DDF90203-0AAE-4F38-B589-2E9637658CE6}.UWP Gold|x64.ActiveCfg = Release|x64
		{DDF90203-0AAE-4F38-B589-2E9637658CE6}.UWP Gold|x64.Build.0 = Release|x64
		{D326891E-ECE4-4B94-B5E7-8AA0A8E8ECBC}.Debug|ARM.ActiveCfg = Debug|ARM
		{D326891E-ECE4-4B94-B5E7-8AA0A8E8ECBC}.Debug|ARM.Build.0 = Debug|ARM
		{D326891E-ECE4-4B94-B5E7-8AA0A8E8ECBC}.Debug|ARM64.ActiveCfg = Debug|ARM64
		{D326891E-ECE4-4B94-B5E7-8AA0A8E8ECBC}.Debug|ARM64.Build.0 = Debug|ARM64
		{D326891E-ECE4-4B94-B5E7-8AA0A8E8ECBC}.Debug|x64.ActiveCfg = Debug|x64
		{D326891E-ECE4-4B94-B5E7-8AA0A8E8ECBC}.Debug|x64.Build.0 = Debug|x64
		{D326891E-ECE4-4B94-B5E7-8AA0A8E8ECBC}.Release|ARM.ActiveCfg = Release|ARM
		{D326891E-ECE4-4B94-B5E7-8AA0A8E8ECBC}.Release|ARM.Build.0 = Release|ARM
		{D326891E-ECE4-4B94-B5E7-8AA0A8E8ECBC}.Release|ARM64.ActiveCfg = Release|ARM64
		{D326891E-ECE4-4B94-B5E7-8AA0A8E8ECBC}.Release|ARM64.Build.0 = Release|ARM64
		{D326891E-ECE4-4B94-B5E7-8AA0A8E8ECBC}.Release|x64.ActiveCfg = Release|x64
		{D326891E-ECE4-4B94-B5E7-8AA0A8E8ECBC}.Release|x64.Build.0 = Release|x64
		{D326891E-ECE4-4B94-B5E7-8AA0A8E8ECBC}.UWP Gold|ARM.ActiveCfg = Release|ARM
		{D326891E-ECE4-4B94-B5E7-8AA0A8E8ECBC}.UWP Gold|ARM.Build.0 = Release|ARM
		{D326891E-ECE4-4B94-B5E7-8AA0A8E8ECBC}.UWP Gold|ARM64.ActiveCfg = Release|ARM64
		{D326891E-ECE4-4B94-B5E7-8AA0A8E8ECBC}.UWP Gold|ARM64.Build.0 = Release|ARM64
		{D326891E-ECE4-4B94-B5E7-8AA0A8E8ECBC}.UWP Gold|x64.ActiveCfg = Release|x64
		{D326891E-ECE4-4B94-B5E7-8AA0A8E8ECBC}.UWP Gold|x64.Build.0 = Release|x64
		{2B2D16BD-1D37-46AF-A3F8-552900951B26}.Debug|ARM.ActiveCfg = Debug|ARM
		{2B2D16BD-1D37-46AF-A3F8-552900951B26}.Debug|ARM.Build.0 = Debug|ARM
		{2B2D16BD-1D37-46AF-A3F8-552900951B26}.Debug|ARM64.ActiveCfg = Debug|ARM64
		{2B2D16BD-1D37-46AF-A3F8-552900951B26}.Debug|ARM64.Build.0 = Debug|ARM64
		{2B2D16BD-1D37-46AF-A3F8-552900951B26}.Debug|x64.ActiveCfg = Debug|x64
		{2B2D16BD-1D37-46AF-A3F8-552900951B26}.Debug|x64.Build.0 = Debug|x64
		{2B2D16BD-1D37-46AF-A3F8-552900951B26}.Release|ARM.ActiveCfg = Release|ARM
		{2B2D16BD-1D37-46AF-A3F8-552900951B26}.Release|ARM.Build.0 = Release|ARM
		{2B2D16BD-1D37-46AF-A3F8-552900951B26}.Release|ARM64.ActiveCfg = Release|ARM64
		{2B2D16BD-1D37-46AF-A3F8-552900951B26}.Release|ARM64.Build.0 = Release|ARM64
		{2B2D16BD-1D37-46AF-A3F8-552900951B26}.Release|x64.ActiveCfg = Release|x64
		{2B2D16BD-1D37-46AF-A3F8-552900951B26}.Release|x64.Build.0 = Release|x64
		{2B2D16BD-1D37-46AF-A3F8-552900951B26}.UWP Gold|ARM.ActiveCfg = Release|ARM
		{2B2D16BD-1D37-46AF-A3F8-552900951B26}.UWP Gold|ARM.Build.0 = Release|ARM
		{2B2D16BD-1D37-46AF-A3F8-552900951B26}.UWP Gold|ARM64.ActiveCfg = Release|ARM64
		{2B2D16BD-1D37-46AF-A3F8-552900951B26}.UWP Gold|ARM64.Build.0 = Release|ARM64
		{2B2D16BD-1D37-46AF-A3F8-552900951B26}.UWP Gold|x64.ActiveCfg = Release|x64
		{2B2D16BD-1D37-46AF-A3F8-552900951B26}.UWP Gold|x64.Build.0 = Release|x64
		{75286959-E7A2-4CBE-8B95-BF05C9C540FF}.Debug|ARM.ActiveCfg = Debug|ARM
		{75286959-E7A2-4CBE-8B95-BF05C9C540FF}.Debug|ARM.Build.0 = Debug|ARM
		{75286959-E7A2-4CBE-8B95-BF05C9C540FF}.Debug|ARM64.ActiveCfg = Debug|ARM64
		{75286959-E7A2-4CBE-8B95-BF05C9C540FF}.Debug|ARM64.Build.0 = Debug|ARM64
		{75286959-E7A2-4CBE-8B95-BF05C9C540FF}.Debug|x64.ActiveCfg = Debug|x64
		{75286959-E7A2-4CBE-8B95-BF05C9C540FF}.Debug|x64.Build.0 = Debug|x64
		{75286959-E7A2-4CBE-8B95-BF05C9C540FF}.Release|ARM.ActiveCfg = Release|ARM
		{75286959-E7A2-4CBE-8B95-BF05C9C540FF}.Release|ARM.Build.0 = Release|ARM
		{75286959-E7A2-4CBE-8B95-BF05C9C540FF}.Release|ARM64.ActiveCfg = Release|ARM64
		{75286959-E7A2-4CBE-8B95-BF05C9C540FF}.Release|ARM64.Build.0 = Release|ARM64
		{75286959-E7A2-4CBE-8B95-BF05C9C540FF}.Release|x64.ActiveCfg = Release|x64
		{75286959-E7A2-4CBE-8B95-BF05C9C540FF}.Release|x64.Build.0 = Release|x64
		{75286959-E7A2-4CBE-8B95-BF05C9C540FF}.UWP Gold|ARM.ActiveCfg = Release|ARM
		{75286959-E7A2-4CBE-8B95-BF05C9C540FF}.UWP Gold|ARM.Build.0 = Release|ARM
		{75286959-E7A2-4CBE-8B95-BF05C9C540FF}.UWP Gold|ARM64.ActiveCfg = Release|ARM64
		{75286959-E7A2-4CBE-8B95-BF05C9C540FF}.UWP Gold|ARM64.Build.0 = Release|ARM64
		{75286959-E7A2-4CBE-8B95-BF05C9C540FF}.UWP Gold|x64.ActiveCfg = Release|x64
		{75286959-E7A2-4CBE-8B95-BF05C9C540FF}.UWP Gold|x64.Build.0 = Release|x64
		{75286959-E7A2-4CBE-8B95-BF05C9C540FE}.Debug|ARM.ActiveCfg = Debug|ARM
		{75286959-E7A2-4CBE-8B95-BF05C9C540FE}.Debug|ARM.Build.0 = Debug|ARM
		{75286959-E7A2-4CBE-8B95-BF05C9C540FE}.Debug|ARM64.ActiveCfg = Debug|ARM64
		{75286959-E7A2-4CBE-8B95-BF05C9C540FE}.Debug|ARM64.Build.0 = Debug|ARM64
		{75286959-E7A2-4CBE-8B95-BF05C9C540FE}.Debug|x64.ActiveCfg = Debug|x64
		{75286959-E7A2-4CBE-8B95-BF05C9C540FE}.Debug|x64.Build.0 = Debug|x64
		{75286959-E7A2-4CBE-8B95-BF05C9C540FE}.Release|ARM.ActiveCfg = Release|ARM
		{75286959-E7A2-4CBE-8B95-BF05C9C540FE}.Release|ARM.Build.0 = Release|ARM
		{75286959-E7A2-4CBE-8B95-BF05C9C540FE}.Release|ARM64.ActiveCfg = Release|ARM64
		{75286959-E7A2-4CBE-8B95-BF05C9C540FE}.Release|ARM64.Build.0 = Release|ARM64
		{75286959-E7A2-4CBE-8B95-BF05C9C540FE}.Release|x64.ActiveCfg = Release|x64
		{75286959-E7A2-4CBE-8B95-BF05C9C540FE}.Release|x64.Build.0 = Release|x64
		{75286959-E7A2-4CBE-8B95-BF05C9C540FE}.UWP Gold|ARM.ActiveCfg = Release|ARM
		{75286959-E7A2-4CBE-8B95-BF05C9C540FE}.UWP Gold|ARM.Build.0 = Release|ARM
		{75286959-E7A2-4CBE-8B95-BF05C9C540FE}.UWP Gold|ARM64.ActiveCfg = Release|ARM64
		{75286959-E7A2-4CBE-8B95-BF05C9C540FE}.UWP Gold|ARM64.Build.0 = Release|ARM64
		{75286959-E7A2-4CBE-8B95-BF05C9C540FE}.UWP Gold|x64.ActiveCfg = Release|x64
		{75286959-E7A2-4CBE-8B95-BF05C9C540FE}.UWP Gold|x64.Build.0 = Release|x64
		{D31FD4F0-53EB-477C-9DC7-149796F628E2}.Debug|ARM.ActiveCfg = Debug|ARM
		{D31FD4F0-53EB-477C-9DC7-149796F628E2}.Debug|ARM.Build.0 = Debug|ARM
		{D31FD4F0-53EB-477C-9DC7-149796F628E2}.Debug|ARM64.ActiveCfg = Debug|ARM64
		{D31FD4F0-53EB-477C-9DC7-149796F628E2}.Debug|ARM64.Build.0 = Debug|ARM64
		{D31FD4F0-53EB-477C-9DC7-149796F628E2}.Debug|x64.ActiveCfg = Debug|x64
		{D31FD4F0-53EB-477C-9DC7-149796F628E2}.Debug|x64.Build.0 = Debug|x64
		{D31FD4F0-53EB-477C-9DC7-149796F628E2}.Release|ARM.ActiveCfg = Release|ARM
		{D31FD4F0-53EB-477C-9DC7-149796F628E2}.Release|ARM.Build.0 = Release|ARM
		{D31FD4F0-53EB-477C-9DC7-149796F628E2}.Release|ARM64.ActiveCfg = Release|ARM64
		{D31FD4F0-53EB-477C-9DC7-149796F628E2}.Release|ARM64.Build.0 = Release|ARM64
		{D31FD4F0-53EB-477C-9DC7-149796F628E2}.Release|x64.ActiveCfg = Release|x64
		{D31FD4F0-53EB-477C-9DC7-149796F628E2}.Release|x64.Build.0 = Release|x64
		{D31FD4F0-53EB-477C-9DC7-149796F628E2}.UWP Gold|ARM.ActiveCfg = Release|ARM
		{D31FD4F0-53EB-477C-9DC7-149796F628E2}.UWP Gold|ARM.Build.0 = Release|ARM
		{D31FD4F0-53EB-477C-9DC7-149796F628E2}.UWP Gold|ARM64.ActiveCfg = Release|ARM64
		{D31FD4F0-53EB-477C-9DC7-149796F628E2}.UWP Gold|ARM64.Build.0 = Release|ARM64
		{D31FD4F0-53EB-477C-9DC7-149796F628E2}.UWP Gold|x64.ActiveCfg = Release|x64
		{D31FD4F0-53EB-477C-9DC7-149796F628E2}.UWP Gold|x64.Build.0 = Release|x64
		{C249F016-7F82-45CF-BB6E-0642A988C4D3}.Debug|ARM.ActiveCfg = Debug|ARM
		{C249F016-7F82-45CF-BB6E-0642A988C4D3}.Debug|ARM.Build.0 = Debug|ARM
		{C249F016-7F82-45CF-BB6E-0642A988C4D3}.Debug|ARM64.ActiveCfg = Debug|ARM64
		{C249F016-7F82-45CF-BB6E-0642A988C4D3}.Debug|ARM64.Build.0 = Debug|ARM64
		{C249F016-7F82-45CF-BB6E-0642A988C4D3}.Debug|x64.ActiveCfg = Debug|x64
		{C249F016-7F82-45CF-BB6E-0642A988C4D3}.Debug|x64.Build.0 = Debug|x64
		{C249F016-7F82-45CF-BB6E-0642A988C4D3}.Release|ARM.ActiveCfg = Release|ARM
		{C249F016-7F82-45CF-BB6E-0642A988C4D3}.Release|ARM.Build.0 = Release|ARM
		{C249F016-7F82-45CF-BB6E-0642A988C4D3}.Release|ARM64.ActiveCfg = Release|ARM64
		{C249F016-7F82-45CF-BB6E-0642A988C4D3}.Release|ARM64.Build.0 = Release|ARM64
		{C249F016-7F82-45CF-BB6E-0642A988C4D3}.Release|x64.ActiveCfg = Release|x64
		{C249F016-7F82-45CF-BB6E-0642A988C4D3}.Release|x64.Build.0 = Release|x64
		{C249F016-7F82-45CF-BB6E-0642A988C4D3}.UWP Gold|ARM.ActiveCfg = Release|ARM
		{C249F016-7F82-45CF-BB6E-0642A988C4D3}.UWP Gold|ARM.Build.0 = Release|ARM
		{C249F016-7F82-45CF-BB6E-0642A988C4D3}.UWP Gold|ARM64.ActiveCfg = Release|ARM64
		{C249F016-7F82-45CF-BB6E-0642A988C4D3}.UWP Gold|ARM64.Build.0 = Release|ARM64
		{C249F016-7F82-45CF-BB6E-0642A988C4D3}.UWP Gold|x64.ActiveCfg = Release|x64
		{C249F016-7F82-45CF-BB6E-0642A988C4D3}.UWP Gold|x64.Build.0 = Release|x64
		{4C9D52D0-310A-4347-8991-E3788CB22169}.Debug|ARM.ActiveCfg = Debug|ARM
		{4C9D52D0-310A-4347-8991-E3788CB22169}.Debug|ARM.Build.0 = Debug|ARM
		{4C9D52D0-310A-4347-8991-E3788CB22169}.Debug|ARM64.ActiveCfg = Debug|ARM64
		{4C9D52D0-310A-4347-8991-E3788CB22169}.Debug|ARM64.Build.0 = Debug|ARM64
		{4C9D52D0-310A-4347-8991-E3788CB22169}.Debug|x64.ActiveCfg = Debug|x64
		{4C9D52D0-310A-4347-8991-E3788CB22169}.Debug|x64.Build.0 = Debug|x64
		{4C9D52D0-310A-4347-8991-E3788CB22169}.Release|ARM.ActiveCfg = Release|ARM
		{4C9D52D0-310A-4347-8991-E3788CB22169}.Release|ARM.Build.0 = Release|ARM
		{4C9D52D0-310A-4347-8991-E3788CB22169}.Release|ARM64.ActiveCfg = Release|ARM64
		{4C9D52D0-310A-4347-8991-E3788CB22169}.Release|ARM64.Build.0 = Release|ARM64
		{4C9D52D0-310A-4347-8991-E3788CB22169}.Release|x64.ActiveCfg = Release|x64
		{4C9D52D0-310A-4347-8991-E3788CB22169}.Release|x64.Build.0 = Release|x64
		{4C9D52D0-310A-4347-8991-E3788CB22169}.UWP Gold|ARM.ActiveCfg = Release|ARM
		{4C9D52D0-310A-4347-8991-E3788CB22169}.UWP Gold|ARM.Build.0 = Release|ARM
		{4C9D52D0-310A-4347-8991-E3788CB22169}.UWP Gold|ARM64.ActiveCfg = Release|ARM64
		{4C9D52D0-310A-4347-8991-E3788CB22169}.UWP Gold|ARM64.Build.0 = Release|ARM64
		{4C9D52D0-310A-4347-8991-E3788CB22169}.UWP Gold|x64.ActiveCfg = Release|x64
		{4C9D52D0-310A-4347-8991-E3788CB22169}.UWP Gold|x64.Build.0 = Release|x64
		{191B6F52-AD66-4172-BD20-733EEECEEF8C}.Debug|ARM.ActiveCfg = Debug|ARM
		{191B6F52-AD66-4172-BD20-733EEECEEF8C}.Debug|ARM.Build.0 = Debug|ARM
		{191B6F52-AD66-4172-BD20-733EEECEEF8C}.Debug|ARM64.ActiveCfg = Debug|ARM64
		{191B6F52-AD66-4172-BD20-733EEECEEF8C}.Debug|ARM64.Build.0 = Debug|ARM64
		{191B6F52-AD66-4172-BD20-733EEECEEF8C}.Debug|x64.ActiveCfg = Debug|x64
		{191B6F52-AD66-4172-BD20-733EEECEEF8C}.Debug|x64.Build.0 = Debug|x64
		{191B6F52-AD66-4172-BD20-733EEECEEF8C}.Release|ARM.ActiveCfg = Release|ARM
		{191B6F52-AD66-4172-BD20-733EEECEEF8C}.Release|ARM.Build.0 = Release|ARM
		{191B6F52-AD66-4172-BD20-733EEECEEF8C}.Release|ARM64.ActiveCfg = Release|ARM64
		{191B6F52-AD66-4172-BD20-733EEECEEF8C}.Release|ARM64.Build.0 = Release|ARM64
		{191B6F52-AD66-4172-BD20-733EEECEEF8C}.Release|x64.ActiveCfg = Release|x64
		{191B6F52-AD66-4172-BD20-733EEECEEF8C}.Release|x64.Build.0 = Release|x64
		{191B6F52-AD66-4172-BD20-733EEECEEF8C}.UWP Gold|ARM.ActiveCfg = Release|ARM
		{191B6F52-AD66-4172-BD20-733EEECEEF8C}.UWP Gold|ARM.Build.0 = Release|ARM
		{191B6F52-AD66-4172-BD20-733EEECEEF8C}.UWP Gold|ARM64.ActiveCfg = Release|ARM64
		{191B6F52-AD66-4172-BD20-733EEECEEF8C}.UWP Gold|ARM64.Build.0 = Release|ARM64
		{191B6F52-AD66-4172-BD20-733EEECEEF8C}.UWP Gold|x64.ActiveCfg = Release|x64
		{191B6F52-AD66-4172-BD20-733EEECEEF8C}.UWP Gold|x64.Build.0 = Release|x64
	EndGlobalSection
	GlobalSection(SolutionProperties) = preSolution
		HideSolutionNode = FALSE
	EndGlobalSection
	GlobalSection(ExtensibilityGlobals) = postSolution
		SolutionGuid = {2C8B6968-85F7-4F06-9D3D-7CD2309F5B0E}
	EndGlobalSection
EndGlobal
